PODS:
  - iCarousel (1.8.3)
  - SwipeableTabBarController (3.4.2)

DEPENDENCIES:
  - iCarousel
  - SwipeableTabBarController

SPEC REPOS:
  trunk:
    - iCarousel
    - SwipeableTabBarController

SPEC CHECKSUMS:
  iCarousel: d782f635afac190c49bb8ee455882284cff8b85f
  SwipeableTabBarController: 9a218bdee9426d1bfe36d7962f852024bb08d61b

PODFILE CHECKSUM: 73b8ae44306ddbe46ce3e58aef10ba4a13d68139

COCOAPODS: 1.11.3
