// !$*UTF8*$!
{
	archiveVersion = 1;
	classes = {
	};
	objectVersion = 53;
	objects = {

/* Begin PBXBuildFile section */
		4BB883B779B61B29ED9F2B86 /* Pods_appfamex.framework in Frameworks */ = {isa = PBXBuildFile; fileRef = CECA955FACE83E251DB5F31A /* Pods_appfamex.framework */; };
		7822CFF0296A28320012034F /* LogIn.storyboard in Resources */ = {isa = PBXBuildFile; fileRef = 7822CFEF296A28320012034F /* LogIn.storyboard */; };
		7822CFF4296A815C0012034F /* SignUpViewController.swift in Sources */ = {isa = PBXBuildFile; fileRef = 7822CFF3296A815C0012034F /* SignUpViewController.swift */; };
		7822CFF6296A837D0012034F /* Menu.storyboard in Resources */ = {isa = PBXBuildFile; fileRef = 7822CFF5296A837D0012034F /* Menu.storyboard */; };
		7822CFF8296A838F0012034F /* MenuViewController.swift in Sources */ = {isa = PBXBuildFile; fileRef = 7822CFF7296A838F0012034F /* MenuViewController.swift */; };
		7822CFFC296A96090012034F /* MenuTableViewCell.swift in Sources */ = {isa = PBXBuildFile; fileRef = 7822CFFA296A96090012034F /* MenuTableViewCell.swift */; };
		7822CFFD296A96090012034F /* MenuTableViewCell.xib in Resources */ = {isa = PBXBuildFile; fileRef = 7822CFFB296A96090012034F /* MenuTableViewCell.xib */; };
		7822CFFF296B6B940012034F /* Home.storyboard in Resources */ = {isa = PBXBuildFile; fileRef = 7822CFFE296B6B940012034F /* Home.storyboard */; };
		7822D001296B6BB60012034F /* HomeViewController.swift in Sources */ = {isa = PBXBuildFile; fileRef = 7822D000296B6BB60012034F /* HomeViewController.swift */; };
		7822D003296B718A0012034F /* FAMEX.storyboard in Resources */ = {isa = PBXBuildFile; fileRef = 7822D002296B718A0012034F /* FAMEX.storyboard */; };
		7822D005296B71A70012034F /* FAMEXViewController.swift in Sources */ = {isa = PBXBuildFile; fileRef = 7822D004296B71A70012034F /* FAMEXViewController.swift */; };
		7822D008296B771F0012034F /* France.storyboard in Resources */ = {isa = PBXBuildFile; fileRef = 7822D007296B771F0012034F /* France.storyboard */; };
		7822D00A296B77340012034F /* FranceViewController.swift in Sources */ = {isa = PBXBuildFile; fileRef = 7822D009296B77340012034F /* FranceViewController.swift */; };
		785D67E9296D0FDF0038ACBC /* FAMEXFont.swift in Sources */ = {isa = PBXBuildFile; fileRef = 785D67E8296D0FDF0038ACBC /* FAMEXFont.swift */; };
		785D67EF296F8E660038ACBC /* MenuModel.swift in Sources */ = {isa = PBXBuildFile; fileRef = 785D67EE296F8E660038ACBC /* MenuModel.swift */; };
		785D67F8297355A00038ACBC /* Show.storyboard in Resources */ = {isa = PBXBuildFile; fileRef = 785D67F7297355A00038ACBC /* Show.storyboard */; };
		785D67FA297355C00038ACBC /* ShowViewController.swift in Sources */ = {isa = PBXBuildFile; fileRef = 785D67F9297355C00038ACBC /* ShowViewController.swift */; };
		785D680029736FDD0038ACBC /* ItineraryViewController.swift in Sources */ = {isa = PBXBuildFile; fileRef = 785D67FF29736FDD0038ACBC /* ItineraryViewController.swift */; };
		785D680229736FED0038ACBC /* Itinerary.storyboard in Resources */ = {isa = PBXBuildFile; fileRef = 785D680129736FED0038ACBC /* Itinerary.storyboard */; };
		785D68082973B5410038ACBC /* RestaurantsViewController.swift in Sources */ = {isa = PBXBuildFile; fileRef = 785D68072973B5410038ACBC /* RestaurantsViewController.swift */; };
		785D680A2973B5580038ACBC /* Restaurants.storyboard in Resources */ = {isa = PBXBuildFile; fileRef = 785D68092973B5580038ACBC /* Restaurants.storyboard */; };
		785D68102974AD880038ACBC /* AirShowViewController.swift in Sources */ = {isa = PBXBuildFile; fileRef = 785D680F2974AD880038ACBC /* AirShowViewController.swift */; };
		785D68122974ADA40038ACBC /* AirShow.storyboard in Resources */ = {isa = PBXBuildFile; fileRef = 785D68112974ADA40038ACBC /* AirShow.storyboard */; };
		785D68192974C9130038ACBC /* FirstPopUpViewController.swift in Sources */ = {isa = PBXBuildFile; fileRef = 785D68182974C9130038ACBC /* FirstPopUpViewController.swift */; };
		785D681B2974CA7D0038ACBC /* FirstPopUp.storyboard in Resources */ = {isa = PBXBuildFile; fileRef = 785D681A2974CA7D0038ACBC /* FirstPopUp.storyboard */; };
		785D68212975225B0038ACBC /* Profile.storyboard in Resources */ = {isa = PBXBuildFile; fileRef = 785D68202975225B0038ACBC /* Profile.storyboard */; };
		785D6827297651EC0038ACBC /* TutorialModel.swift in Sources */ = {isa = PBXBuildFile; fileRef = 785D6826297651EC0038ACBC /* TutorialModel.swift */; };
		785D6829297653200038ACBC /* TutorialViewController.swift in Sources */ = {isa = PBXBuildFile; fileRef = 785D6828297653200038ACBC /* TutorialViewController.swift */; };
		785D682B297653330038ACBC /* Tutorial.storyboard in Resources */ = {isa = PBXBuildFile; fileRef = 785D682A297653330038ACBC /* Tutorial.storyboard */; };
		785D683129778FF80038ACBC /* PWDAccesibility.storyboard in Resources */ = {isa = PBXBuildFile; fileRef = 785D683029778FF80038ACBC /* PWDAccesibility.storyboard */; };
		785D6833297790200038ACBC /* PWDAccesibilityViewController.swift in Sources */ = {isa = PBXBuildFile; fileRef = 785D6832297790200038ACBC /* PWDAccesibilityViewController.swift */; };
		785D6836297795530038ACBC /* SanitizationMap.pdf in Resources */ = {isa = PBXBuildFile; fileRef = 785D6835297795530038ACBC /* SanitizationMap.pdf */; };
		785D683A29779A000038ACBC /* PWDAccesibilityMap.pdf in Resources */ = {isa = PBXBuildFile; fileRef = 785D683929779A000038ACBC /* PWDAccesibilityMap.pdf */; };
		785D683C2977A2390038ACBC /* PDFModel.swift in Sources */ = {isa = PBXBuildFile; fileRef = 785D683B2977A2390038ACBC /* PDFModel.swift */; };
		785D68422977AA660038ACBC /* Sanitization.storyboard in Resources */ = {isa = PBXBuildFile; fileRef = 785D68412977AA660038ACBC /* Sanitization.storyboard */; };
		785D68442977AA790038ACBC /* SanitizationViewController.swift in Sources */ = {isa = PBXBuildFile; fileRef = 785D68432977AA790038ACBC /* SanitizationViewController.swift */; };
		785D684C2978E1F30038ACBC /* GetReadyFAMEX.swift in Sources */ = {isa = PBXBuildFile; fileRef = 785D684B2978E1F30038ACBC /* GetReadyFAMEX.swift */; };
		785D684E2978EFCB0038ACBC /* GetReadyFAMEX.storyboard in Resources */ = {isa = PBXBuildFile; fileRef = 785D684D2978EFCB0038ACBC /* GetReadyFAMEX.storyboard */; };
		785D6850297A3EAD0038ACBC /* LocationModel.swift in Sources */ = {isa = PBXBuildFile; fileRef = 785D684F297A3EAD0038ACBC /* LocationModel.swift */; };
		785D6854297A52560038ACBC /* HotelsViewController.swift in Sources */ = {isa = PBXBuildFile; fileRef = 785D6853297A52560038ACBC /* HotelsViewController.swift */; };
		785D6857297A560E0038ACBC /* HotelsCollectionViewCell.swift in Sources */ = {isa = PBXBuildFile; fileRef = 785D6855297A560E0038ACBC /* HotelsCollectionViewCell.swift */; };
		785D6858297A560E0038ACBC /* HotelsCollectionViewCell.xib in Resources */ = {isa = PBXBuildFile; fileRef = 785D6856297A560E0038ACBC /* HotelsCollectionViewCell.xib */; };
		785D685E297A80330038ACBC /* SettingsViewController.swift in Sources */ = {isa = PBXBuildFile; fileRef = 785D685D297A80330038ACBC /* SettingsViewController.swift */; };
		785D6860297A80520038ACBC /* Settings.storyboard in Resources */ = {isa = PBXBuildFile; fileRef = 785D685F297A80520038ACBC /* Settings.storyboard */; };
		785D6862297E2EFC0038ACBC /* RoutesViewController.swift in Sources */ = {isa = PBXBuildFile; fileRef = 785D6861297E2EFC0038ACBC /* RoutesViewController.swift */; };
		785D6868297E48410038ACBC /* MUMA.storyboard in Resources */ = {isa = PBXBuildFile; fileRef = 785D6867297E48410038ACBC /* MUMA.storyboard */; };
		785D686A297E48500038ACBC /* MUMAViewController.swift in Sources */ = {isa = PBXBuildFile; fileRef = 785D6869297E48500038ACBC /* MUMAViewController.swift */; };
		785D686C297E500B0038ACBC /* TermsViewController.swift in Sources */ = {isa = PBXBuildFile; fileRef = 785D686B297E500B0038ACBC /* TermsViewController.swift */; };
		785D686E297E5BBB0038ACBC /* VideoModel.swift in Sources */ = {isa = PBXBuildFile; fileRef = 785D686D297E5BBB0038ACBC /* VideoModel.swift */; };
		785D6871297E5F600038ACBC /* AirShowVideo.mp4 in Resources */ = {isa = PBXBuildFile; fileRef = 785D6870297E5F600038ACBC /* AirShowVideo.mp4 */; };
		785D6873297F78F80038ACBC /* AboutAppViewController.swift in Sources */ = {isa = PBXBuildFile; fileRef = 785D6872297F78F80038ACBC /* AboutAppViewController.swift */; };
		785D6875297F84090038ACBC /* DevelopersViewController.swift in Sources */ = {isa = PBXBuildFile; fileRef = 785D6874297F84090038ACBC /* DevelopersViewController.swift */; };
		785D6877297F85EB0038ACBC /* DevelopersPopUp.storyboard in Resources */ = {isa = PBXBuildFile; fileRef = 785D6876297F85EB0038ACBC /* DevelopersPopUp.storyboard */; };
		785D6879297FA2EF0038ACBC /* ContactViewController.swift in Sources */ = {isa = PBXBuildFile; fileRef = 785D6878297FA2EF0038ACBC /* ContactViewController.swift */; };
		785D687B2980C1A30038ACBC /* ProfileViewController.swift in Sources */ = {isa = PBXBuildFile; fileRef = 785D687A2980C1A30038ACBC /* ProfileViewController.swift */; };
		788CFD33296958F2009E189F /* AppDelegate.swift in Sources */ = {isa = PBXBuildFile; fileRef = 788CFD32296958F2009E189F /* AppDelegate.swift */; };
		788CFD35296958F2009E189F /* SceneDelegate.swift in Sources */ = {isa = PBXBuildFile; fileRef = 788CFD34296958F2009E189F /* SceneDelegate.swift */; };
		788CFD3D296958F2009E189F /* appfamex.xcdatamodeld in Sources */ = {isa = PBXBuildFile; fileRef = 788CFD3B296958F2009E189F /* appfamex.xcdatamodeld */; };
		788CFD3F296958F3009E189F /* Assets.xcassets in Resources */ = {isa = PBXBuildFile; fileRef = 788CFD3E296958F3009E189F /* Assets.xcassets */; };
		788CFD42296958F3009E189F /* LaunchScreen.storyboard in Resources */ = {isa = PBXBuildFile; fileRef = 788CFD40296958F3009E189F /* LaunchScreen.storyboard */; };
		788CFD4D296958F3009E189F /* appfamexTests.swift in Sources */ = {isa = PBXBuildFile; fileRef = 788CFD4C296958F3009E189F /* appfamexTests.swift */; };
		788CFD57296958F3009E189F /* appfamexUITests.swift in Sources */ = {isa = PBXBuildFile; fileRef = 788CFD56296958F3009E189F /* appfamexUITests.swift */; };
		788CFD59296958F3009E189F /* appfamexUITestsLaunchTests.swift in Sources */ = {isa = PBXBuildFile; fileRef = 788CFD58296958F3009E189F /* appfamexUITestsLaunchTests.swift */; };
		788CFD6A2969EF4C009E189F /* LogInViewController.swift in Sources */ = {isa = PBXBuildFile; fileRef = 788CFD692969EF4C009E189F /* LogInViewController.swift */; };
		788CFD72296A1B37009E189F /* SignUp.storyboard in Resources */ = {isa = PBXBuildFile; fileRef = 788CFD71296A1B37009E189F /* SignUp.storyboard */; };
		788CFD74296A211A009E189F /* Extensions.swift in Sources */ = {isa = PBXBuildFile; fileRef = 788CFD73296A211A009E189F /* Extensions.swift */; };
		788CFD87296A24C5009E189F /* Plateia.ttf in Resources */ = {isa = PBXBuildFile; fileRef = 788CFD86296A24C5009E189F /* Plateia.ttf */; };
		78BD47642980C3B200E9AF4A /* ProfileCollectionViewCell.swift in Sources */ = {isa = PBXBuildFile; fileRef = 78BD47622980C3B200E9AF4A /* ProfileCollectionViewCell.swift */; };
		78BD47652980C3B200E9AF4A /* ProfileCollectionViewCell.xib in Resources */ = {isa = PBXBuildFile; fileRef = 78BD47632980C3B200E9AF4A /* ProfileCollectionViewCell.xib */; };
		78BD47672980DB5E00E9AF4A /* FranceStaticExhibitionMenuViewController.swift in Sources */ = {isa = PBXBuildFile; fileRef = 78BD47662980DB5E00E9AF4A /* FranceStaticExhibitionMenuViewController.swift */; };
		78BD476D2980E49400E9AF4A /* StaticExhibitionCollectionViewCell.swift in Sources */ = {isa = PBXBuildFile; fileRef = 78BD476B2980E49400E9AF4A /* StaticExhibitionCollectionViewCell.swift */; };
		78BD476E2980E49400E9AF4A /* StaticExhibitionCollectionViewCell.xib in Resources */ = {isa = PBXBuildFile; fileRef = 78BD476C2980E49400E9AF4A /* StaticExhibitionCollectionViewCell.xib */; };
		78BD47702980E91900E9AF4A /* FranceBlockOneViewController.swift in Sources */ = {isa = PBXBuildFile; fileRef = 78BD476F2980E91900E9AF4A /* FranceBlockOneViewController.swift */; };
		78BD4772298101B300E9AF4A /* FranceBlockTwoViewController.swift in Sources */ = {isa = PBXBuildFile; fileRef = 78BD4771298101B300E9AF4A /* FranceBlockTwoViewController.swift */; };
		78BD47742981031D00E9AF4A /* FranceBlockThreeViewController.swift in Sources */ = {isa = PBXBuildFile; fileRef = 78BD47732981031D00E9AF4A /* FranceBlockThreeViewController.swift */; };
		78BD4778298105FC00E9AF4A /* FranceStaticExhibition.storyboard in Resources */ = {isa = PBXBuildFile; fileRef = 78BD4777298105FC00E9AF4A /* FranceStaticExhibition.storyboard */; };
		78BD477A298106AF00E9AF4A /* FranceChalets.storyboard in Resources */ = {isa = PBXBuildFile; fileRef = 78BD4779298106AF00E9AF4A /* FranceChalets.storyboard */; };
		78BD477C29810A0F00E9AF4A /* FranceChaletsViewController.swift in Sources */ = {isa = PBXBuildFile; fileRef = 78BD477B29810A0F00E9AF4A /* FranceChaletsViewController.swift */; };
		78BD478229810C0100E9AF4A /* ChaletTableViewCell.swift in Sources */ = {isa = PBXBuildFile; fileRef = 78BD478029810C0100E9AF4A /* ChaletTableViewCell.swift */; };
		78BD478329810C0100E9AF4A /* ChaletTableViewCell.xib in Resources */ = {isa = PBXBuildFile; fileRef = 78BD478129810C0100E9AF4A /* ChaletTableViewCell.xib */; };
		78BD478529811A6500E9AF4A /* FranceConferences.storyboard in Resources */ = {isa = PBXBuildFile; fileRef = 78BD478429811A6500E9AF4A /* FranceConferences.storyboard */; };
		78BD478829811A9000E9AF4A /* FranceConferencesFirstDayViewController.swift in Sources */ = {isa = PBXBuildFile; fileRef = 78BD478729811A9000E9AF4A /* FranceConferencesFirstDayViewController.swift */; };
		78BD478D29811F6700E9AF4A /* ConferenciasFranciaTableViewCell.xib in Resources */ = {isa = PBXBuildFile; fileRef = 78BD478C29811F6700E9AF4A /* ConferenciasFranciaTableViewCell.xib */; };
		78BD478F29811F9500E9AF4A /* ConferenciasFranciaTableViewCell.swift in Sources */ = {isa = PBXBuildFile; fileRef = 78BD478E29811F9500E9AF4A /* ConferenciasFranciaTableViewCell.swift */; };
		78BD47912981202000E9AF4A /* AddItineraryPopUp.storyboard in Resources */ = {isa = PBXBuildFile; fileRef = 78BD47902981202000E9AF4A /* AddItineraryPopUp.storyboard */; };
		78BD47932981207A00E9AF4A /* popUpAddMiItinerarioViewController.swift in Sources */ = {isa = PBXBuildFile; fileRef = 78BD47922981207A00E9AF4A /* popUpAddMiItinerarioViewController.swift */; };
		78BD47952981221B00E9AF4A /* detailConferenciaViewController.swift in Sources */ = {isa = PBXBuildFile; fileRef = 78BD47942981221B00E9AF4A /* detailConferenciaViewController.swift */; };
		78BD47972981228000E9AF4A /* detailConferencia.storyboard in Resources */ = {isa = PBXBuildFile; fileRef = 78BD47962981228000E9AF4A /* detailConferencia.storyboard */; };
		78BD479A298127D400E9AF4A /* TableViewCellMiItinerario.swift in Sources */ = {isa = PBXBuildFile; fileRef = 78BD4798298127D400E9AF4A /* TableViewCellMiItinerario.swift */; };
		78BD479B298127D400E9AF4A /* TableViewCellMiItinerario.xib in Resources */ = {isa = PBXBuildFile; fileRef = 78BD4799298127D400E9AF4A /* TableViewCellMiItinerario.xib */; };
		8814E23C7C8E7D34FD0DD6DE /* Pods_appfamex_appfamexUITests.framework in Frameworks */ = {isa = PBXBuildFile; fileRef = 88A9FA7F230888F845672BEA /* Pods_appfamex_appfamexUITests.framework */; };
		F6CF7EFE507C7080A4922B91 /* Pods_appfamexTests.framework in Frameworks */ = {isa = PBXBuildFile; fileRef = 8F62B8E8B7D421FFF1661424 /* Pods_appfamexTests.framework */; };
/* End PBXBuildFile section */

/* Begin PBXContainerItemProxy section */
		788CFD49296958F3009E189F /* PBXContainerItemProxy */ = {
			isa = PBXContainerItemProxy;
			containerPortal = 788CFD27296958F2009E189F /* Project object */;
			proxyType = 1;
			remoteGlobalIDString = 788CFD2E296958F2009E189F;
			remoteInfo = appfamex;
		};
		788CFD53296958F3009E189F /* PBXContainerItemProxy */ = {
			isa = PBXContainerItemProxy;
			containerPortal = 788CFD27296958F2009E189F /* Project object */;
			proxyType = 1;
			remoteGlobalIDString = 788CFD2E296958F2009E189F;
			remoteInfo = appfamex;
		};
/* End PBXContainerItemProxy section */

/* Begin PBXFileReference section */
		1037D9A5B22A6D3B3E8311C5 /* Pods-appfamex.debug.xcconfig */ = {isa = PBXFileReference; includeInIndex = 1; lastKnownFileType = text.xcconfig; name = "Pods-appfamex.debug.xcconfig"; path = "Target Support Files/Pods-appfamex/Pods-appfamex.debug.xcconfig"; sourceTree = "<group>"; };
		4A9484E554E468485330E987 /* Pods-appfamexTests.release.xcconfig */ = {isa = PBXFileReference; includeInIndex = 1; lastKnownFileType = text.xcconfig; name = "Pods-appfamexTests.release.xcconfig"; path = "Target Support Files/Pods-appfamexTests/Pods-appfamexTests.release.xcconfig"; sourceTree = "<group>"; };
		6361DFB2740A14D57D6C59AD /* Pods-appfamex-appfamexUITests.debug.xcconfig */ = {isa = PBXFileReference; includeInIndex = 1; lastKnownFileType = text.xcconfig; name = "Pods-appfamex-appfamexUITests.debug.xcconfig"; path = "Target Support Files/Pods-appfamex-appfamexUITests/Pods-appfamex-appfamexUITests.debug.xcconfig"; sourceTree = "<group>"; };
		7822CFEF296A28320012034F /* LogIn.storyboard */ = {isa = PBXFileReference; fileEncoding = 4; lastKnownFileType = file.storyboard; path = LogIn.storyboard; sourceTree = "<group>"; };
		7822CFF3296A815C0012034F /* SignUpViewController.swift */ = {isa = PBXFileReference; lastKnownFileType = sourcecode.swift; path = SignUpViewController.swift; sourceTree = "<group>"; };
		7822CFF5296A837D0012034F /* Menu.storyboard */ = {isa = PBXFileReference; lastKnownFileType = file.storyboard; path = Menu.storyboard; sourceTree = "<group>"; };
		7822CFF7296A838F0012034F /* MenuViewController.swift */ = {isa = PBXFileReference; lastKnownFileType = sourcecode.swift; path = MenuViewController.swift; sourceTree = "<group>"; };
		7822CFFA296A96090012034F /* MenuTableViewCell.swift */ = {isa = PBXFileReference; lastKnownFileType = sourcecode.swift; path = MenuTableViewCell.swift; sourceTree = "<group>"; };
		7822CFFB296A96090012034F /* MenuTableViewCell.xib */ = {isa = PBXFileReference; lastKnownFileType = file.xib; path = MenuTableViewCell.xib; sourceTree = "<group>"; };
		7822CFFE296B6B940012034F /* Home.storyboard */ = {isa = PBXFileReference; lastKnownFileType = file.storyboard; path = Home.storyboard; sourceTree = "<group>"; };
		7822D000296B6BB60012034F /* HomeViewController.swift */ = {isa = PBXFileReference; lastKnownFileType = sourcecode.swift; path = HomeViewController.swift; sourceTree = "<group>"; };
		7822D002296B718A0012034F /* FAMEX.storyboard */ = {isa = PBXFileReference; lastKnownFileType = file.storyboard; path = FAMEX.storyboard; sourceTree = "<group>"; };
		7822D004296B71A70012034F /* FAMEXViewController.swift */ = {isa = PBXFileReference; lastKnownFileType = sourcecode.swift; path = FAMEXViewController.swift; sourceTree = "<group>"; };
		7822D007296B771F0012034F /* France.storyboard */ = {isa = PBXFileReference; lastKnownFileType = file.storyboard; path = France.storyboard; sourceTree = "<group>"; };
		7822D009296B77340012034F /* FranceViewController.swift */ = {isa = PBXFileReference; lastKnownFileType = sourcecode.swift; path = FranceViewController.swift; sourceTree = "<group>"; };
		785D67E8296D0FDF0038ACBC /* FAMEXFont.swift */ = {isa = PBXFileReference; lastKnownFileType = sourcecode.swift; path = FAMEXFont.swift; sourceTree = "<group>"; };
		785D67EE296F8E660038ACBC /* MenuModel.swift */ = {isa = PBXFileReference; lastKnownFileType = sourcecode.swift; path = MenuModel.swift; sourceTree = "<group>"; };
		785D67F7297355A00038ACBC /* Show.storyboard */ = {isa = PBXFileReference; lastKnownFileType = file.storyboard; path = Show.storyboard; sourceTree = "<group>"; };
		785D67F9297355C00038ACBC /* ShowViewController.swift */ = {isa = PBXFileReference; lastKnownFileType = sourcecode.swift; path = ShowViewController.swift; sourceTree = "<group>"; };
		785D67FF29736FDD0038ACBC /* ItineraryViewController.swift */ = {isa = PBXFileReference; lastKnownFileType = sourcecode.swift; path = ItineraryViewController.swift; sourceTree = "<group>"; };
		785D680129736FED0038ACBC /* Itinerary.storyboard */ = {isa = PBXFileReference; lastKnownFileType = file.storyboard; path = Itinerary.storyboard; sourceTree = "<group>"; };
		785D68072973B5410038ACBC /* RestaurantsViewController.swift */ = {isa = PBXFileReference; lastKnownFileType = sourcecode.swift; path = RestaurantsViewController.swift; sourceTree = "<group>"; };
		785D68092973B5580038ACBC /* Restaurants.storyboard */ = {isa = PBXFileReference; lastKnownFileType = file.storyboard; path = Restaurants.storyboard; sourceTree = "<group>"; };
		785D680F2974AD880038ACBC /* AirShowViewController.swift */ = {isa = PBXFileReference; lastKnownFileType = sourcecode.swift; path = AirShowViewController.swift; sourceTree = "<group>"; };
		785D68112974ADA40038ACBC /* AirShow.storyboard */ = {isa = PBXFileReference; lastKnownFileType = file.storyboard; path = AirShow.storyboard; sourceTree = "<group>"; };
		785D68182974C9130038ACBC /* FirstPopUpViewController.swift */ = {isa = PBXFileReference; lastKnownFileType = sourcecode.swift; path = FirstPopUpViewController.swift; sourceTree = "<group>"; };
		785D681A2974CA7D0038ACBC /* FirstPopUp.storyboard */ = {isa = PBXFileReference; lastKnownFileType = file.storyboard; path = FirstPopUp.storyboard; sourceTree = "<group>"; };
		785D68202975225B0038ACBC /* Profile.storyboard */ = {isa = PBXFileReference; lastKnownFileType = file.storyboard; path = Profile.storyboard; sourceTree = "<group>"; };
		785D6826297651EC0038ACBC /* TutorialModel.swift */ = {isa = PBXFileReference; lastKnownFileType = sourcecode.swift; path = TutorialModel.swift; sourceTree = "<group>"; };
		785D6828297653200038ACBC /* TutorialViewController.swift */ = {isa = PBXFileReference; lastKnownFileType = sourcecode.swift; path = TutorialViewController.swift; sourceTree = "<group>"; };
		785D682A297653330038ACBC /* Tutorial.storyboard */ = {isa = PBXFileReference; lastKnownFileType = file.storyboard; path = Tutorial.storyboard; sourceTree = "<group>"; };
		785D683029778FF80038ACBC /* PWDAccesibility.storyboard */ = {isa = PBXFileReference; lastKnownFileType = file.storyboard; path = PWDAccesibility.storyboard; sourceTree = "<group>"; };
		785D6832297790200038ACBC /* PWDAccesibilityViewController.swift */ = {isa = PBXFileReference; lastKnownFileType = sourcecode.swift; path = PWDAccesibilityViewController.swift; sourceTree = "<group>"; };
		785D6835297795530038ACBC /* SanitizationMap.pdf */ = {isa = PBXFileReference; lastKnownFileType = image.pdf; path = SanitizationMap.pdf; sourceTree = "<group>"; };
		785D683929779A000038ACBC /* PWDAccesibilityMap.pdf */ = {isa = PBXFileReference; lastKnownFileType = image.pdf; path = PWDAccesibilityMap.pdf; sourceTree = "<group>"; };
		785D683B2977A2390038ACBC /* PDFModel.swift */ = {isa = PBXFileReference; lastKnownFileType = sourcecode.swift; path = PDFModel.swift; sourceTree = "<group>"; };
		785D68412977AA660038ACBC /* Sanitization.storyboard */ = {isa = PBXFileReference; lastKnownFileType = file.storyboard; path = Sanitization.storyboard; sourceTree = "<group>"; };
		785D68432977AA790038ACBC /* SanitizationViewController.swift */ = {isa = PBXFileReference; lastKnownFileType = sourcecode.swift; path = SanitizationViewController.swift; sourceTree = "<group>"; };
		785D684B2978E1F30038ACBC /* GetReadyFAMEX.swift */ = {isa = PBXFileReference; lastKnownFileType = sourcecode.swift; path = GetReadyFAMEX.swift; sourceTree = "<group>"; };
		785D684D2978EFCB0038ACBC /* GetReadyFAMEX.storyboard */ = {isa = PBXFileReference; lastKnownFileType = file.storyboard; path = GetReadyFAMEX.storyboard; sourceTree = "<group>"; };
		785D684F297A3EAD0038ACBC /* LocationModel.swift */ = {isa = PBXFileReference; lastKnownFileType = sourcecode.swift; path = LocationModel.swift; sourceTree = "<group>"; };
		785D6853297A52560038ACBC /* HotelsViewController.swift */ = {isa = PBXFileReference; lastKnownFileType = sourcecode.swift; path = HotelsViewController.swift; sourceTree = "<group>"; };
		785D6855297A560E0038ACBC /* HotelsCollectionViewCell.swift */ = {isa = PBXFileReference; lastKnownFileType = sourcecode.swift; path = HotelsCollectionViewCell.swift; sourceTree = "<group>"; };
		785D6856297A560E0038ACBC /* HotelsCollectionViewCell.xib */ = {isa = PBXFileReference; lastKnownFileType = file.xib; path = HotelsCollectionViewCell.xib; sourceTree = "<group>"; };
		785D685D297A80330038ACBC /* SettingsViewController.swift */ = {isa = PBXFileReference; lastKnownFileType = sourcecode.swift; path = SettingsViewController.swift; sourceTree = "<group>"; };
		785D685F297A80520038ACBC /* Settings.storyboard */ = {isa = PBXFileReference; lastKnownFileType = file.storyboard; path = Settings.storyboard; sourceTree = "<group>"; };
		785D6861297E2EFC0038ACBC /* RoutesViewController.swift */ = {isa = PBXFileReference; lastKnownFileType = sourcecode.swift; path = RoutesViewController.swift; sourceTree = "<group>"; };
		785D6867297E48410038ACBC /* MUMA.storyboard */ = {isa = PBXFileReference; lastKnownFileType = file.storyboard; path = MUMA.storyboard; sourceTree = "<group>"; };
		785D6869297E48500038ACBC /* MUMAViewController.swift */ = {isa = PBXFileReference; lastKnownFileType = sourcecode.swift; path = MUMAViewController.swift; sourceTree = "<group>"; };
		785D686B297E500B0038ACBC /* TermsViewController.swift */ = {isa = PBXFileReference; lastKnownFileType = sourcecode.swift; path = TermsViewController.swift; sourceTree = "<group>"; };
		785D686D297E5BBB0038ACBC /* VideoModel.swift */ = {isa = PBXFileReference; lastKnownFileType = sourcecode.swift; path = VideoModel.swift; sourceTree = "<group>"; };
		785D6870297E5F600038ACBC /* AirShowVideo.mp4 */ = {isa = PBXFileReference; lastKnownFileType = file; path = AirShowVideo.mp4; sourceTree = "<group>"; };
		785D6872297F78F80038ACBC /* AboutAppViewController.swift */ = {isa = PBXFileReference; lastKnownFileType = sourcecode.swift; path = AboutAppViewController.swift; sourceTree = "<group>"; };
		785D6874297F84090038ACBC /* DevelopersViewController.swift */ = {isa = PBXFileReference; lastKnownFileType = sourcecode.swift; path = DevelopersViewController.swift; sourceTree = "<group>"; };
		785D6876297F85EB0038ACBC /* DevelopersPopUp.storyboard */ = {isa = PBXFileReference; lastKnownFileType = file.storyboard; path = DevelopersPopUp.storyboard; sourceTree = "<group>"; };
		785D6878297FA2EF0038ACBC /* ContactViewController.swift */ = {isa = PBXFileReference; lastKnownFileType = sourcecode.swift; path = ContactViewController.swift; sourceTree = "<group>"; };
		785D687A2980C1A30038ACBC /* ProfileViewController.swift */ = {isa = PBXFileReference; lastKnownFileType = sourcecode.swift; path = ProfileViewController.swift; sourceTree = "<group>"; };
		788CFD2F296958F2009E189F /* appfamex.app */ = {isa = PBXFileReference; explicitFileType = wrapper.application; includeInIndex = 0; path = appfamex.app; sourceTree = BUILT_PRODUCTS_DIR; };
		788CFD32296958F2009E189F /* AppDelegate.swift */ = {isa = PBXFileReference; lastKnownFileType = sourcecode.swift; path = AppDelegate.swift; sourceTree = "<group>"; };
		788CFD34296958F2009E189F /* SceneDelegate.swift */ = {isa = PBXFileReference; lastKnownFileType = sourcecode.swift; path = SceneDelegate.swift; sourceTree = "<group>"; };
		788CFD3C296958F2009E189F /* appfamex.xcdatamodel */ = {isa = PBXFileReference; lastKnownFileType = wrapper.xcdatamodel; path = appfamex.xcdatamodel; sourceTree = "<group>"; };
		788CFD3E296958F3009E189F /* Assets.xcassets */ = {isa = PBXFileReference; lastKnownFileType = folder.assetcatalog; path = Assets.xcassets; sourceTree = "<group>"; };
		788CFD41296958F3009E189F /* Base */ = {isa = PBXFileReference; lastKnownFileType = file.storyboard; name = Base; path = Base.lproj/LaunchScreen.storyboard; sourceTree = "<group>"; };
		788CFD43296958F3009E189F /* Info.plist */ = {isa = PBXFileReference; lastKnownFileType = text.plist.xml; path = Info.plist; sourceTree = "<group>"; };
		788CFD48296958F3009E189F /* appfamexTests.xctest */ = {isa = PBXFileReference; explicitFileType = wrapper.cfbundle; includeInIndex = 0; path = appfamexTests.xctest; sourceTree = BUILT_PRODUCTS_DIR; };
		788CFD4C296958F3009E189F /* appfamexTests.swift */ = {isa = PBXFileReference; lastKnownFileType = sourcecode.swift; path = appfamexTests.swift; sourceTree = "<group>"; };
		788CFD52296958F3009E189F /* appfamexUITests.xctest */ = {isa = PBXFileReference; explicitFileType = wrapper.cfbundle; includeInIndex = 0; path = appfamexUITests.xctest; sourceTree = BUILT_PRODUCTS_DIR; };
		788CFD56296958F3009E189F /* appfamexUITests.swift */ = {isa = PBXFileReference; lastKnownFileType = sourcecode.swift; path = appfamexUITests.swift; sourceTree = "<group>"; };
		788CFD58296958F3009E189F /* appfamexUITestsLaunchTests.swift */ = {isa = PBXFileReference; lastKnownFileType = sourcecode.swift; path = appfamexUITestsLaunchTests.swift; sourceTree = "<group>"; };
		788CFD692969EF4C009E189F /* LogInViewController.swift */ = {isa = PBXFileReference; lastKnownFileType = sourcecode.swift; path = LogInViewController.swift; sourceTree = "<group>"; };
		788CFD71296A1B37009E189F /* SignUp.storyboard */ = {isa = PBXFileReference; lastKnownFileType = file.storyboard; path = SignUp.storyboard; sourceTree = "<group>"; };
		788CFD73296A211A009E189F /* Extensions.swift */ = {isa = PBXFileReference; lastKnownFileType = sourcecode.swift; path = Extensions.swift; sourceTree = "<group>"; };
		788CFD86296A24C5009E189F /* Plateia.ttf */ = {isa = PBXFileReference; lastKnownFileType = file; path = Plateia.ttf; sourceTree = "<group>"; };
		78BD47622980C3B200E9AF4A /* ProfileCollectionViewCell.swift */ = {isa = PBXFileReference; lastKnownFileType = sourcecode.swift; path = ProfileCollectionViewCell.swift; sourceTree = "<group>"; };
		78BD47632980C3B200E9AF4A /* ProfileCollectionViewCell.xib */ = {isa = PBXFileReference; lastKnownFileType = file.xib; path = ProfileCollectionViewCell.xib; sourceTree = "<group>"; };
		78BD47662980DB5E00E9AF4A /* FranceStaticExhibitionMenuViewController.swift */ = {isa = PBXFileReference; lastKnownFileType = sourcecode.swift; path = FranceStaticExhibitionMenuViewController.swift; sourceTree = "<group>"; };
		78BD476B2980E49400E9AF4A /* StaticExhibitionCollectionViewCell.swift */ = {isa = PBXFileReference; lastKnownFileType = sourcecode.swift; path = StaticExhibitionCollectionViewCell.swift; sourceTree = "<group>"; };
		78BD476C2980E49400E9AF4A /* StaticExhibitionCollectionViewCell.xib */ = {isa = PBXFileReference; lastKnownFileType = file.xib; path = StaticExhibitionCollectionViewCell.xib; sourceTree = "<group>"; };
		78BD476F2980E91900E9AF4A /* FranceBlockOneViewController.swift */ = {isa = PBXFileReference; lastKnownFileType = sourcecode.swift; path = FranceBlockOneViewController.swift; sourceTree = "<group>"; };
		78BD4771298101B300E9AF4A /* FranceBlockTwoViewController.swift */ = {isa = PBXFileReference; lastKnownFileType = sourcecode.swift; path = FranceBlockTwoViewController.swift; sourceTree = "<group>"; };
		78BD47732981031D00E9AF4A /* FranceBlockThreeViewController.swift */ = {isa = PBXFileReference; lastKnownFileType = sourcecode.swift; path = FranceBlockThreeViewController.swift; sourceTree = "<group>"; };
		78BD4777298105FC00E9AF4A /* FranceStaticExhibition.storyboard */ = {isa = PBXFileReference; lastKnownFileType = file.storyboard; path = FranceStaticExhibition.storyboard; sourceTree = "<group>"; };
		78BD4779298106AF00E9AF4A /* FranceChalets.storyboard */ = {isa = PBXFileReference; lastKnownFileType = file.storyboard; path = FranceChalets.storyboard; sourceTree = "<group>"; };
		78BD477B29810A0F00E9AF4A /* FranceChaletsViewController.swift */ = {isa = PBXFileReference; lastKnownFileType = sourcecode.swift; path = FranceChaletsViewController.swift; sourceTree = "<group>"; };
		78BD478029810C0100E9AF4A /* ChaletTableViewCell.swift */ = {isa = PBXFileReference; lastKnownFileType = sourcecode.swift; path = ChaletTableViewCell.swift; sourceTree = "<group>"; };
		78BD478129810C0100E9AF4A /* ChaletTableViewCell.xib */ = {isa = PBXFileReference; lastKnownFileType = file.xib; path = ChaletTableViewCell.xib; sourceTree = "<group>"; };
		78BD478429811A6500E9AF4A /* FranceConferences.storyboard */ = {isa = PBXFileReference; lastKnownFileType = file.storyboard; path = FranceConferences.storyboard; sourceTree = "<group>"; };
		78BD478729811A9000E9AF4A /* FranceConferencesFirstDayViewController.swift */ = {isa = PBXFileReference; lastKnownFileType = sourcecode.swift; path = FranceConferencesFirstDayViewController.swift; sourceTree = "<group>"; };
		78BD478C29811F6700E9AF4A /* ConferenciasFranciaTableViewCell.xib */ = {isa = PBXFileReference; fileEncoding = 4; lastKnownFileType = file.xib; path = ConferenciasFranciaTableViewCell.xib; sourceTree = "<group>"; };
		78BD478E29811F9500E9AF4A /* ConferenciasFranciaTableViewCell.swift */ = {isa = PBXFileReference; fileEncoding = 4; lastKnownFileType = sourcecode.swift; path = ConferenciasFranciaTableViewCell.swift; sourceTree = "<group>"; };
		78BD47902981202000E9AF4A /* AddItineraryPopUp.storyboard */ = {isa = PBXFileReference; lastKnownFileType = file.storyboard; path = AddItineraryPopUp.storyboard; sourceTree = "<group>"; };
		78BD47922981207A00E9AF4A /* popUpAddMiItinerarioViewController.swift */ = {isa = PBXFileReference; fileEncoding = 4; lastKnownFileType = sourcecode.swift; path = popUpAddMiItinerarioViewController.swift; sourceTree = "<group>"; };
		78BD47942981221B00E9AF4A /* detailConferenciaViewController.swift */ = {isa = PBXFileReference; fileEncoding = 4; lastKnownFileType = sourcecode.swift; path = detailConferenciaViewController.swift; sourceTree = "<group>"; };
		78BD47962981228000E9AF4A /* detailConferencia.storyboard */ = {isa = PBXFileReference; lastKnownFileType = file.storyboard; path = detailConferencia.storyboard; sourceTree = "<group>"; };
		78BD4798298127D400E9AF4A /* TableViewCellMiItinerario.swift */ = {isa = PBXFileReference; fileEncoding = 4; lastKnownFileType = sourcecode.swift; path = TableViewCellMiItinerario.swift; sourceTree = "<group>"; };
		78BD4799298127D400E9AF4A /* TableViewCellMiItinerario.xib */ = {isa = PBXFileReference; fileEncoding = 4; lastKnownFileType = file.xib; path = TableViewCellMiItinerario.xib; sourceTree = "<group>"; };
		88A9FA7F230888F845672BEA /* Pods_appfamex_appfamexUITests.framework */ = {isa = PBXFileReference; explicitFileType = wrapper.framework; includeInIndex = 0; path = Pods_appfamex_appfamexUITests.framework; sourceTree = BUILT_PRODUCTS_DIR; };
		8F62B8E8B7D421FFF1661424 /* Pods_appfamexTests.framework */ = {isa = PBXFileReference; explicitFileType = wrapper.framework; includeInIndex = 0; path = Pods_appfamexTests.framework; sourceTree = BUILT_PRODUCTS_DIR; };
		991939547D034D42DDF10B47 /* Pods-appfamexTests.debug.xcconfig */ = {isa = PBXFileReference; includeInIndex = 1; lastKnownFileType = text.xcconfig; name = "Pods-appfamexTests.debug.xcconfig"; path = "Target Support Files/Pods-appfamexTests/Pods-appfamexTests.debug.xcconfig"; sourceTree = "<group>"; };
		AA6882834A9A177C64EFA49A /* Pods-appfamex-appfamexUITests.release.xcconfig */ = {isa = PBXFileReference; includeInIndex = 1; lastKnownFileType = text.xcconfig; name = "Pods-appfamex-appfamexUITests.release.xcconfig"; path = "Target Support Files/Pods-appfamex-appfamexUITests/Pods-appfamex-appfamexUITests.release.xcconfig"; sourceTree = "<group>"; };
		C60B28BF465B9D8754992A88 /* Pods-appfamex.release.xcconfig */ = {isa = PBXFileReference; includeInIndex = 1; lastKnownFileType = text.xcconfig; name = "Pods-appfamex.release.xcconfig"; path = "Target Support Files/Pods-appfamex/Pods-appfamex.release.xcconfig"; sourceTree = "<group>"; };
		CECA955FACE83E251DB5F31A /* Pods_appfamex.framework */ = {isa = PBXFileReference; explicitFileType = wrapper.framework; includeInIndex = 0; path = Pods_appfamex.framework; sourceTree = BUILT_PRODUCTS_DIR; };
/* End PBXFileReference section */

/* Begin PBXFrameworksBuildPhase section */
		788CFD2C296958F2009E189F /* Frameworks */ = {
			isa = PBXFrameworksBuildPhase;
			buildActionMask = 2147483647;
			files = (
				4BB883B779B61B29ED9F2B86 /* Pods_appfamex.framework in Frameworks */,
			);
			runOnlyForDeploymentPostprocessing = 0;
		};
		788CFD45296958F3009E189F /* Frameworks */ = {
			isa = PBXFrameworksBuildPhase;
			buildActionMask = 2147483647;
			files = (
				F6CF7EFE507C7080A4922B91 /* Pods_appfamexTests.framework in Frameworks */,
			);
			runOnlyForDeploymentPostprocessing = 0;
		};
		788CFD4F296958F3009E189F /* Frameworks */ = {
			isa = PBXFrameworksBuildPhase;
			buildActionMask = 2147483647;
			files = (
				8814E23C7C8E7D34FD0DD6DE /* Pods_appfamex_appfamexUITests.framework in Frameworks */,
			);
			runOnlyForDeploymentPostprocessing = 0;
		};
/* End PBXFrameworksBuildPhase section */

/* Begin PBXGroup section */
		5FD2DDAB6C9F54F37A418387 /* Frameworks */ = {
			isa = PBXGroup;
			children = (
				CECA955FACE83E251DB5F31A /* Pods_appfamex.framework */,
				88A9FA7F230888F845672BEA /* Pods_appfamex_appfamexUITests.framework */,
				8F62B8E8B7D421FFF1661424 /* Pods_appfamexTests.framework */,
			);
			name = Frameworks;
			sourceTree = "<group>";
		};
		7822D006296B76E60012034F /* Pop Ups */ = {
			isa = PBXGroup;
			children = (
				785D68152974C8270038ACBC /* Controller */,
				785D68142974C8210038ACBC /* View */,
				785D68132974C81B0038ACBC /* Model */,
			);
			path = "Pop Ups";
			sourceTree = "<group>";
		};
		785D67EA296DF0D10038ACBC /* Show */ = {
			isa = PBXGroup;
			children = (
				785D67ED296DF10D0038ACBC /* Controller */,
				785D67EC296DF10A0038ACBC /* View */,
				785D67EB296DF1070038ACBC /* Model */,
			);
			path = Show;
			sourceTree = "<group>";
		};
		785D67EB296DF1070038ACBC /* Model */ = {
			isa = PBXGroup;
			children = (
			);
			path = Model;
			sourceTree = "<group>";
		};
		785D67EC296DF10A0038ACBC /* View */ = {
			isa = PBXGroup;
			children = (
				785D67F7297355A00038ACBC /* Show.storyboard */,
			);
			path = View;
			sourceTree = "<group>";
		};
		785D67ED296DF10D0038ACBC /* Controller */ = {
			isa = PBXGroup;
			children = (
				785D67F9297355C00038ACBC /* ShowViewController.swift */,
			);
			path = Controller;
			sourceTree = "<group>";
		};
		785D67FB29736F040038ACBC /* Itinerary */ = {
			isa = PBXGroup;
			children = (
				785D67FE29736FC10038ACBC /* Controller */,
				785D67FD29736FB60038ACBC /* View */,
				785D67FC29736FAD0038ACBC /* Model */,
			);
			path = Itinerary;
			sourceTree = "<group>";
		};
		785D67FC29736FAD0038ACBC /* Model */ = {
			isa = PBXGroup;
			children = (
			);
			path = Model;
			sourceTree = "<group>";
		};
		785D67FD29736FB60038ACBC /* View */ = {
			isa = PBXGroup;
			children = (
				785D680129736FED0038ACBC /* Itinerary.storyboard */,
			);
			path = View;
			sourceTree = "<group>";
		};
		785D67FE29736FC10038ACBC /* Controller */ = {
			isa = PBXGroup;
			children = (
				78BD4798298127D400E9AF4A /* TableViewCellMiItinerario.swift */,
				78BD4799298127D400E9AF4A /* TableViewCellMiItinerario.xib */,
				785D67FF29736FDD0038ACBC /* ItineraryViewController.swift */,
			);
			path = Controller;
			sourceTree = "<group>";
		};
		785D68032973B2840038ACBC /* Restaurants */ = {
			isa = PBXGroup;
			children = (
				785D68062973B2CB0038ACBC /* Controller */,
				785D68052973B2C50038ACBC /* View */,
				785D68042973B2BF0038ACBC /* Model */,
			);
			path = Restaurants;
			sourceTree = "<group>";
		};
		785D68042973B2BF0038ACBC /* Model */ = {
			isa = PBXGroup;
			children = (
			);
			path = Model;
			sourceTree = "<group>";
		};
		785D68052973B2C50038ACBC /* View */ = {
			isa = PBXGroup;
			children = (
				785D68092973B5580038ACBC /* Restaurants.storyboard */,
			);
			path = View;
			sourceTree = "<group>";
		};
		785D68062973B2CB0038ACBC /* Controller */ = {
			isa = PBXGroup;
			children = (
				785D68072973B5410038ACBC /* RestaurantsViewController.swift */,
			);
			path = Controller;
			sourceTree = "<group>";
		};
		785D680B2974AD2F0038ACBC /* Air Show */ = {
			isa = PBXGroup;
			children = (
				785D680E2974AD660038ACBC /* Controller */,
				785D680D2974AD5D0038ACBC /* View */,
				785D680C2974AD570038ACBC /* Model */,
			);
			path = "Air Show";
			sourceTree = "<group>";
		};
		785D680C2974AD570038ACBC /* Model */ = {
			isa = PBXGroup;
			children = (
				785D686D297E5BBB0038ACBC /* VideoModel.swift */,
			);
			path = Model;
			sourceTree = "<group>";
		};
		785D680D2974AD5D0038ACBC /* View */ = {
			isa = PBXGroup;
			children = (
				785D68112974ADA40038ACBC /* AirShow.storyboard */,
			);
			path = View;
			sourceTree = "<group>";
		};
		785D680E2974AD660038ACBC /* Controller */ = {
			isa = PBXGroup;
			children = (
				785D680F2974AD880038ACBC /* AirShowViewController.swift */,
			);
			path = Controller;
			sourceTree = "<group>";
		};
		785D68132974C81B0038ACBC /* Model */ = {
			isa = PBXGroup;
			children = (
			);
			path = Model;
			sourceTree = "<group>";
		};
		785D68142974C8210038ACBC /* View */ = {
			isa = PBXGroup;
			children = (
				785D681A2974CA7D0038ACBC /* FirstPopUp.storyboard */,
				785D6876297F85EB0038ACBC /* DevelopersPopUp.storyboard */,
				78BD47902981202000E9AF4A /* AddItineraryPopUp.storyboard */,
				78BD47962981228000E9AF4A /* detailConferencia.storyboard */,
			);
			path = View;
			sourceTree = "<group>";
		};
		785D68152974C8270038ACBC /* Controller */ = {
			isa = PBXGroup;
			children = (
				78BD47942981221B00E9AF4A /* detailConferenciaViewController.swift */,
				785D6874297F84090038ACBC /* DevelopersViewController.swift */,
				785D68182974C9130038ACBC /* FirstPopUpViewController.swift */,
				78BD47922981207A00E9AF4A /* popUpAddMiItinerarioViewController.swift */,
			);
			path = Controller;
			sourceTree = "<group>";
		};
		785D681C2975220F0038ACBC /* Profile */ = {
			isa = PBXGroup;
			children = (
				785D681F2975223C0038ACBC /* Controller */,
				785D681E297522360038ACBC /* View */,
				785D681D2975222D0038ACBC /* Model */,
			);
			path = Profile;
			sourceTree = "<group>";
		};
		785D681D2975222D0038ACBC /* Model */ = {
			isa = PBXGroup;
			children = (
			);
			path = Model;
			sourceTree = "<group>";
		};
		785D681E297522360038ACBC /* View */ = {
			isa = PBXGroup;
			children = (
				785D68202975225B0038ACBC /* Profile.storyboard */,
				78BD47632980C3B200E9AF4A /* ProfileCollectionViewCell.xib */,
			);
			path = View;
			sourceTree = "<group>";
		};
		785D681F2975223C0038ACBC /* Controller */ = {
			isa = PBXGroup;
			children = (
				78BD47622980C3B200E9AF4A /* ProfileCollectionViewCell.swift */,
				785D687A2980C1A30038ACBC /* ProfileViewController.swift */,
			);
			path = Controller;
			sourceTree = "<group>";
		};
		785D68222976518F0038ACBC /* Tutorials */ = {
			isa = PBXGroup;
			children = (
				785D6825297651C50038ACBC /* Controller */,
				785D6824297651BF0038ACBC /* View */,
				785D6823297651B60038ACBC /* Model */,
			);
			path = Tutorials;
			sourceTree = "<group>";
		};
		785D6823297651B60038ACBC /* Model */ = {
			isa = PBXGroup;
			children = (
				785D6826297651EC0038ACBC /* TutorialModel.swift */,
			);
			path = Model;
			sourceTree = "<group>";
		};
		785D6824297651BF0038ACBC /* View */ = {
			isa = PBXGroup;
			children = (
				785D682A297653330038ACBC /* Tutorial.storyboard */,
			);
			path = View;
			sourceTree = "<group>";
		};
		785D6825297651C50038ACBC /* Controller */ = {
			isa = PBXGroup;
			children = (
				785D6828297653200038ACBC /* TutorialViewController.swift */,
			);
			path = Controller;
			sourceTree = "<group>";
		};
		785D682C29778F620038ACBC /* PWD Accesibility */ = {
			isa = PBXGroup;
			children = (
				785D682F29778F9A0038ACBC /* Controller */,
				785D682E29778F8F0038ACBC /* View */,
				785D682D29778F870038ACBC /* Model */,
			);
			path = "PWD Accesibility";
			sourceTree = "<group>";
		};
		785D682D29778F870038ACBC /* Model */ = {
			isa = PBXGroup;
			children = (
			);
			path = Model;
			sourceTree = "<group>";
		};
		785D682E29778F8F0038ACBC /* View */ = {
			isa = PBXGroup;
			children = (
				785D683029778FF80038ACBC /* PWDAccesibility.storyboard */,
			);
			path = View;
			sourceTree = "<group>";
		};
		785D682F29778F9A0038ACBC /* Controller */ = {
			isa = PBXGroup;
			children = (
				785D6832297790200038ACBC /* PWDAccesibilityViewController.swift */,
			);
			path = Controller;
			sourceTree = "<group>";
		};
		785D68342977951D0038ACBC /* PDFs */ = {
			isa = PBXGroup;
			children = (
				785D683929779A000038ACBC /* PWDAccesibilityMap.pdf */,
				785D6835297795530038ACBC /* SanitizationMap.pdf */,
			);
			path = PDFs;
			sourceTree = "<group>";
		};
		785D683D2977AA010038ACBC /* Sanitization */ = {
			isa = PBXGroup;
			children = (
				785D68402977AA3C0038ACBC /* Controller */,
				785D683F2977AA370038ACBC /* View */,
				785D683E2977AA310038ACBC /* Model */,
			);
			path = Sanitization;
			sourceTree = "<group>";
		};
		785D683E2977AA310038ACBC /* Model */ = {
			isa = PBXGroup;
			children = (
			);
			path = Model;
			sourceTree = "<group>";
		};
		785D683F2977AA370038ACBC /* View */ = {
			isa = PBXGroup;
			children = (
				785D68412977AA660038ACBC /* Sanitization.storyboard */,
			);
			path = View;
			sourceTree = "<group>";
		};
		785D68402977AA3C0038ACBC /* Controller */ = {
			isa = PBXGroup;
			children = (
				785D68432977AA790038ACBC /* SanitizationViewController.swift */,
			);
			path = Controller;
			sourceTree = "<group>";
		};
		785D68452977AFC90038ACBC /* PREFAMEX */ = {
			isa = PBXGroup;
			children = (
				785D68482977B0580038ACBC /* Controller */,
				785D68472977B0530038ACBC /* View */,
				785D68462977B04C0038ACBC /* Model */,
			);
			path = PREFAMEX;
			sourceTree = "<group>";
		};
		785D68462977B04C0038ACBC /* Model */ = {
			isa = PBXGroup;
			children = (
				785D684F297A3EAD0038ACBC /* LocationModel.swift */,
			);
			path = Model;
			sourceTree = "<group>";
		};
		785D68472977B0530038ACBC /* View */ = {
			isa = PBXGroup;
			children = (
				785D684D2978EFCB0038ACBC /* GetReadyFAMEX.storyboard */,
				785D6856297A560E0038ACBC /* HotelsCollectionViewCell.xib */,
			);
			path = View;
			sourceTree = "<group>";
		};
		785D68482977B0580038ACBC /* Controller */ = {
			isa = PBXGroup;
			children = (
				785D684B2978E1F30038ACBC /* GetReadyFAMEX.swift */,
				785D6853297A52560038ACBC /* HotelsViewController.swift */,
				785D6855297A560E0038ACBC /* HotelsCollectionViewCell.swift */,
				785D6861297E2EFC0038ACBC /* RoutesViewController.swift */,
			);
			path = Controller;
			sourceTree = "<group>";
		};
		785D6859297A7FAE0038ACBC /* Settings */ = {
			isa = PBXGroup;
			children = (
				785D685C297A7FD00038ACBC /* Controller */,
				785D685B297A7FCC0038ACBC /* View */,
				785D685A297A7FC60038ACBC /* Model */,
			);
			path = Settings;
			sourceTree = "<group>";
		};
		785D685A297A7FC60038ACBC /* Model */ = {
			isa = PBXGroup;
			children = (
			);
			path = Model;
			sourceTree = "<group>";
		};
		785D685B297A7FCC0038ACBC /* View */ = {
			isa = PBXGroup;
			children = (
				785D685F297A80520038ACBC /* Settings.storyboard */,
			);
			path = View;
			sourceTree = "<group>";
		};
		785D685C297A7FD00038ACBC /* Controller */ = {
			isa = PBXGroup;
			children = (
				785D685D297A80330038ACBC /* SettingsViewController.swift */,
				785D686B297E500B0038ACBC /* TermsViewController.swift */,
				785D6872297F78F80038ACBC /* AboutAppViewController.swift */,
				785D6878297FA2EF0038ACBC /* ContactViewController.swift */,
			);
			path = Controller;
			sourceTree = "<group>";
		};
		785D6863297E47BC0038ACBC /* MUMA */ = {
			isa = PBXGroup;
			children = (
				785D6866297E47E00038ACBC /* Controller */,
				785D6865297E47DA0038ACBC /* View */,
				785D6864297E47D00038ACBC /* Model */,
			);
			path = MUMA;
			sourceTree = "<group>";
		};
		785D6864297E47D00038ACBC /* Model */ = {
			isa = PBXGroup;
			children = (
			);
			path = Model;
			sourceTree = "<group>";
		};
		785D6865297E47DA0038ACBC /* View */ = {
			isa = PBXGroup;
			children = (
				785D6867297E48410038ACBC /* MUMA.storyboard */,
			);
			path = View;
			sourceTree = "<group>";
		};
		785D6866297E47E00038ACBC /* Controller */ = {
			isa = PBXGroup;
			children = (
				785D6869297E48500038ACBC /* MUMAViewController.swift */,
			);
			path = Controller;
			sourceTree = "<group>";
		};
		785D686F297E5F370038ACBC /* Videos */ = {
			isa = PBXGroup;
			children = (
				785D6870297E5F600038ACBC /* AirShowVideo.mp4 */,
			);
			path = Videos;
			sourceTree = "<group>";
		};
		788CFD26296958F2009E189F = {
			isa = PBXGroup;
			children = (
				788CFD31296958F2009E189F /* appfamex */,
				788CFD4B296958F3009E189F /* appfamexTests */,
				788CFD55296958F3009E189F /* appfamexUITests */,
				788CFD30296958F2009E189F /* Products */,
				AEBF199F50CFFB94DDD7FC13 /* Pods */,
				5FD2DDAB6C9F54F37A418387 /* Frameworks */,
			);
			sourceTree = "<group>";
		};
		788CFD30296958F2009E189F /* Products */ = {
			isa = PBXGroup;
			children = (
				788CFD2F296958F2009E189F /* appfamex.app */,
				788CFD48296958F3009E189F /* appfamexTests.xctest */,
				788CFD52296958F3009E189F /* appfamexUITests.xctest */,
			);
			name = Products;
			sourceTree = "<group>";
		};
		788CFD31296958F2009E189F /* appfamex */ = {
			isa = PBXGroup;
			children = (
				788CFD43296958F3009E189F /* Info.plist */,
				788CFD32296958F2009E189F /* AppDelegate.swift */,
				788CFD34296958F2009E189F /* SceneDelegate.swift */,
				788CFD3B296958F2009E189F /* appfamex.xcdatamodeld */,
				788CFD40296958F3009E189F /* LaunchScreen.storyboard */,
				788CFD3E296958F3009E189F /* Assets.xcassets */,
				788CFD6B2969EF6C009E189F /* Resources */,
				788CFD6C2969EF79009E189F /* Util */,
				788CFD652969EF11009E189F /* Log In */,
				788CFD6D296A1AD6009E189F /* Sign Up */,
				788CFD81296A2370009E189F /* Menu */,
				785D681C2975220F0038ACBC /* Profile */,
				788CFD75296A2159009E189F /* Home */,
				788CFD79296A22D0009E189F /* FAMEX */,
				788CFD7A296A22DD009E189F /* France */,
				785D67EA296DF0D10038ACBC /* Show */,
				785D67FB29736F040038ACBC /* Itinerary */,
				785D68032973B2840038ACBC /* Restaurants */,
				785D680B2974AD2F0038ACBC /* Air Show */,
				785D6863297E47BC0038ACBC /* MUMA */,
				785D682C29778F620038ACBC /* PWD Accesibility */,
				785D683D2977AA010038ACBC /* Sanitization */,
				785D68452977AFC90038ACBC /* PREFAMEX */,
				785D6859297A7FAE0038ACBC /* Settings */,
				78BD478929811EEC00E9AF4A /* Conferences */,
				78BD47682980E43400E9AF4A /* Static Exhibition */,
				78BD477D29810BB400E9AF4A /* Chalets */,
				7822D006296B76E60012034F /* Pop Ups */,
				785D68222976518F0038ACBC /* Tutorials */,
			);
			path = appfamex;
			sourceTree = "<group>";
		};
		788CFD4B296958F3009E189F /* appfamexTests */ = {
			isa = PBXGroup;
			children = (
				788CFD4C296958F3009E189F /* appfamexTests.swift */,
			);
			path = appfamexTests;
			sourceTree = "<group>";
		};
		788CFD55296958F3009E189F /* appfamexUITests */ = {
			isa = PBXGroup;
			children = (
				788CFD56296958F3009E189F /* appfamexUITests.swift */,
				788CFD58296958F3009E189F /* appfamexUITestsLaunchTests.swift */,
			);
			path = appfamexUITests;
			sourceTree = "<group>";
		};
		788CFD652969EF11009E189F /* Log In */ = {
			isa = PBXGroup;
			children = (
				788CFD682969EF2A009E189F /* Controller */,
				788CFD672969EF24009E189F /* View */,
				788CFD662969EF1C009E189F /* Model */,
			);
			path = "Log In";
			sourceTree = "<group>";
		};
		788CFD662969EF1C009E189F /* Model */ = {
			isa = PBXGroup;
			children = (
			);
			path = Model;
			sourceTree = "<group>";
		};
		788CFD672969EF24009E189F /* View */ = {
			isa = PBXGroup;
			children = (
				7822CFEF296A28320012034F /* LogIn.storyboard */,
			);
			path = View;
			sourceTree = "<group>";
		};
		788CFD682969EF2A009E189F /* Controller */ = {
			isa = PBXGroup;
			children = (
				788CFD692969EF4C009E189F /* LogInViewController.swift */,
			);
			path = Controller;
			sourceTree = "<group>";
		};
		788CFD6B2969EF6C009E189F /* Resources */ = {
			isa = PBXGroup;
			children = (
				788CFD85296A247A009E189F /* Fonts */,
				785D68342977951D0038ACBC /* PDFs */,
				785D686F297E5F370038ACBC /* Videos */,
			);
			path = Resources;
			sourceTree = "<group>";
		};
		788CFD6C2969EF79009E189F /* Util */ = {
			isa = PBXGroup;
			children = (
				788CFD73296A211A009E189F /* Extensions.swift */,
				785D67E8296D0FDF0038ACBC /* FAMEXFont.swift */,
				785D683B2977A2390038ACBC /* PDFModel.swift */,
			);
			path = Util;
			sourceTree = "<group>";
		};
		788CFD6D296A1AD6009E189F /* Sign Up */ = {
			isa = PBXGroup;
			children = (
				788CFD70296A1AF9009E189F /* Controller */,
				788CFD6F296A1AF5009E189F /* View */,
				788CFD6E296A1AEF009E189F /* Model */,
			);
			path = "Sign Up";
			sourceTree = "<group>";
		};
		788CFD6E296A1AEF009E189F /* Model */ = {
			isa = PBXGroup;
			children = (
			);
			path = Model;
			sourceTree = "<group>";
		};
		788CFD6F296A1AF5009E189F /* View */ = {
			isa = PBXGroup;
			children = (
				788CFD71296A1B37009E189F /* SignUp.storyboard */,
			);
			path = View;
			sourceTree = "<group>";
		};
		788CFD70296A1AF9009E189F /* Controller */ = {
			isa = PBXGroup;
			children = (
				7822CFF3296A815C0012034F /* SignUpViewController.swift */,
			);
			path = Controller;
			sourceTree = "<group>";
		};
		788CFD75296A2159009E189F /* Home */ = {
			isa = PBXGroup;
			children = (
				788CFD78296A22A0009E189F /* Controller */,
				788CFD77296A229D009E189F /* View */,
				788CFD76296A2299009E189F /* Model */,
			);
			path = Home;
			sourceTree = "<group>";
		};
		788CFD76296A2299009E189F /* Model */ = {
			isa = PBXGroup;
			children = (
			);
			path = Model;
			sourceTree = "<group>";
		};
		788CFD77296A229D009E189F /* View */ = {
			isa = PBXGroup;
			children = (
				7822CFFE296B6B940012034F /* Home.storyboard */,
			);
			path = View;
			sourceTree = "<group>";
		};
		788CFD78296A22A0009E189F /* Controller */ = {
			isa = PBXGroup;
			children = (
				7822D000296B6BB60012034F /* HomeViewController.swift */,
			);
			path = Controller;
			sourceTree = "<group>";
		};
		788CFD79296A22D0009E189F /* FAMEX */ = {
			isa = PBXGroup;
			children = (
				788CFD7D296A232B009E189F /* Controller */,
				788CFD7C296A2328009E189F /* View */,
				788CFD7B296A230D009E189F /* Model */,
			);
			path = FAMEX;
			sourceTree = "<group>";
		};
		788CFD7A296A22DD009E189F /* France */ = {
			isa = PBXGroup;
			children = (
				788CFD80296A234A009E189F /* Controller */,
				788CFD7F296A2347009E189F /* View */,
				788CFD7E296A2344009E189F /* Model */,
			);
			path = France;
			sourceTree = "<group>";
		};
		788CFD7B296A230D009E189F /* Model */ = {
			isa = PBXGroup;
			children = (
			);
			path = Model;
			sourceTree = "<group>";
		};
		788CFD7C296A2328009E189F /* View */ = {
			isa = PBXGroup;
			children = (
				7822D002296B718A0012034F /* FAMEX.storyboard */,
			);
			path = View;
			sourceTree = "<group>";
		};
		788CFD7D296A232B009E189F /* Controller */ = {
			isa = PBXGroup;
			children = (
				7822D004296B71A70012034F /* FAMEXViewController.swift */,
			);
			path = Controller;
			sourceTree = "<group>";
		};
		788CFD7E296A2344009E189F /* Model */ = {
			isa = PBXGroup;
			children = (
			);
			path = Model;
			sourceTree = "<group>";
		};
		788CFD7F296A2347009E189F /* View */ = {
			isa = PBXGroup;
			children = (
				7822D007296B771F0012034F /* France.storyboard */,
				78BD4777298105FC00E9AF4A /* FranceStaticExhibition.storyboard */,
				78BD4779298106AF00E9AF4A /* FranceChalets.storyboard */,
				78BD478429811A6500E9AF4A /* FranceConferences.storyboard */,
			);
			path = View;
			sourceTree = "<group>";
		};
		788CFD80296A234A009E189F /* Controller */ = {
			isa = PBXGroup;
			children = (
				7822D009296B77340012034F /* FranceViewController.swift */,
				78BD47662980DB5E00E9AF4A /* FranceStaticExhibitionMenuViewController.swift */,
				78BD47752981043900E9AF4A /* Blocks */,
				78BD47762981048200E9AF4A /* Chalets */,
				78BD478629811A6A00E9AF4A /* Conferences */,
			);
			path = Controller;
			sourceTree = "<group>";
		};
		788CFD81296A2370009E189F /* Menu */ = {
			isa = PBXGroup;
			children = (
				788CFD84296A239A009E189F /* Controller */,
				788CFD83296A2394009E189F /* View */,
				788CFD82296A238E009E189F /* Model */,
			);
			path = Menu;
			sourceTree = "<group>";
		};
		788CFD82296A238E009E189F /* Model */ = {
			isa = PBXGroup;
			children = (
				785D67EE296F8E660038ACBC /* MenuModel.swift */,
			);
			path = Model;
			sourceTree = "<group>";
		};
		788CFD83296A2394009E189F /* View */ = {
			isa = PBXGroup;
			children = (
				7822CFFB296A96090012034F /* MenuTableViewCell.xib */,
				7822CFF5296A837D0012034F /* Menu.storyboard */,
			);
			path = View;
			sourceTree = "<group>";
		};
		788CFD84296A239A009E189F /* Controller */ = {
			isa = PBXGroup;
			children = (
				7822CFF7296A838F0012034F /* MenuViewController.swift */,
				7822CFFA296A96090012034F /* MenuTableViewCell.swift */,
			);
			path = Controller;
			sourceTree = "<group>";
		};
		788CFD85296A247A009E189F /* Fonts */ = {
			isa = PBXGroup;
			children = (
				788CFD86296A24C5009E189F /* Plateia.ttf */,
			);
			path = Fonts;
			sourceTree = "<group>";
		};
		78BD47682980E43400E9AF4A /* Static Exhibition */ = {
			isa = PBXGroup;
			children = (
				78BD476A2980E46700E9AF4A /* Controller */,
				78BD47692980E45F00E9AF4A /* View */,
			);
			path = "Static Exhibition";
			sourceTree = "<group>";
		};
		78BD47692980E45F00E9AF4A /* View */ = {
			isa = PBXGroup;
			children = (
				78BD476C2980E49400E9AF4A /* StaticExhibitionCollectionViewCell.xib */,
			);
			path = View;
			sourceTree = "<group>";
		};
		78BD476A2980E46700E9AF4A /* Controller */ = {
			isa = PBXGroup;
			children = (
				78BD476B2980E49400E9AF4A /* StaticExhibitionCollectionViewCell.swift */,
			);
			path = Controller;
			sourceTree = "<group>";
		};
		78BD47752981043900E9AF4A /* Blocks */ = {
			isa = PBXGroup;
			children = (
				78BD476F2980E91900E9AF4A /* FranceBlockOneViewController.swift */,
				78BD4771298101B300E9AF4A /* FranceBlockTwoViewController.swift */,
				78BD47732981031D00E9AF4A /* FranceBlockThreeViewController.swift */,
			);
			path = Blocks;
			sourceTree = "<group>";
		};
		78BD47762981048200E9AF4A /* Chalets */ = {
			isa = PBXGroup;
			children = (
				78BD477B29810A0F00E9AF4A /* FranceChaletsViewController.swift */,
			);
			path = Chalets;
			sourceTree = "<group>";
		};
		78BD477D29810BB400E9AF4A /* Chalets */ = {
			isa = PBXGroup;
			children = (
				78BD477F29810BDB00E9AF4A /* Controller */,
				78BD477E29810BCA00E9AF4A /* View */,
			);
			path = Chalets;
			sourceTree = "<group>";
		};
		78BD477E29810BCA00E9AF4A /* View */ = {
			isa = PBXGroup;
			children = (
				78BD478129810C0100E9AF4A /* ChaletTableViewCell.xib */,
			);
			path = View;
			sourceTree = "<group>";
		};
		78BD477F29810BDB00E9AF4A /* Controller */ = {
			isa = PBXGroup;
			children = (
				78BD478029810C0100E9AF4A /* ChaletTableViewCell.swift */,
			);
			path = Controller;
			sourceTree = "<group>";
		};
		78BD478629811A6A00E9AF4A /* Conferences */ = {
			isa = PBXGroup;
			children = (
				78BD478729811A9000E9AF4A /* FranceConferencesFirstDayViewController.swift */,
			);
			path = Conferences;
			sourceTree = "<group>";
		};
		78BD478929811EEC00E9AF4A /* Conferences */ = {
			isa = PBXGroup;
			children = (
				78BD478B29811F1700E9AF4A /* Controller */,
				78BD478A29811F0800E9AF4A /* View */,
			);
			path = Conferences;
			sourceTree = "<group>";
		};
		78BD478A29811F0800E9AF4A /* View */ = {
			isa = PBXGroup;
			children = (
				78BD478C29811F6700E9AF4A /* ConferenciasFranciaTableViewCell.xib */,
			);
			path = View;
			sourceTree = "<group>";
		};
		78BD478B29811F1700E9AF4A /* Controller */ = {
			isa = PBXGroup;
			children = (
				78BD478E29811F9500E9AF4A /* ConferenciasFranciaTableViewCell.swift */,
			);
			path = Controller;
			sourceTree = "<group>";
		};
		AEBF199F50CFFB94DDD7FC13 /* Pods */ = {
			isa = PBXGroup;
			children = (
				1037D9A5B22A6D3B3E8311C5 /* Pods-appfamex.debug.xcconfig */,
				C60B28BF465B9D8754992A88 /* Pods-appfamex.release.xcconfig */,
				6361DFB2740A14D57D6C59AD /* Pods-appfamex-appfamexUITests.debug.xcconfig */,
				AA6882834A9A177C64EFA49A /* Pods-appfamex-appfamexUITests.release.xcconfig */,
				991939547D034D42DDF10B47 /* Pods-appfamexTests.debug.xcconfig */,
				4A9484E554E468485330E987 /* Pods-appfamexTests.release.xcconfig */,
			);
			path = Pods;
			sourceTree = "<group>";
		};
/* End PBXGroup section */

/* Begin PBXNativeTarget section */
		788CFD2E296958F2009E189F /* appfamex */ = {
			isa = PBXNativeTarget;
			buildConfigurationList = 788CFD5C296958F3009E189F /* Build configuration list for PBXNativeTarget "appfamex" */;
			buildPhases = (
				C8D4089EF503C3576525B50C /* [CP] Check Pods Manifest.lock */,
				788CFD2B296958F2009E189F /* Sources */,
				788CFD2C296958F2009E189F /* Frameworks */,
				788CFD2D296958F2009E189F /* Resources */,
				3CCDF86C4E80CBF0B54D21D5 /* [CP] Embed Pods Frameworks */,
			);
			buildRules = (
			);
			dependencies = (
			);
			name = appfamex;
			productName = appfamex;
			productReference = 788CFD2F296958F2009E189F /* appfamex.app */;
			productType = "com.apple.product-type.application";
		};
		788CFD47296958F3009E189F /* appfamexTests */ = {
			isa = PBXNativeTarget;
			buildConfigurationList = 788CFD5F296958F3009E189F /* Build configuration list for PBXNativeTarget "appfamexTests" */;
			buildPhases = (
				6B70174BF52CFC8097BFF1C6 /* [CP] Check Pods Manifest.lock */,
				788CFD44296958F3009E189F /* Sources */,
				788CFD45296958F3009E189F /* Frameworks */,
				788CFD46296958F3009E189F /* Resources */,
			);
			buildRules = (
			);
			dependencies = (
				788CFD4A296958F3009E189F /* PBXTargetDependency */,
			);
			name = appfamexTests;
			productName = appfamexTests;
			productReference = 788CFD48296958F3009E189F /* appfamexTests.xctest */;
			productType = "com.apple.product-type.bundle.unit-test";
		};
		788CFD51296958F3009E189F /* appfamexUITests */ = {
			isa = PBXNativeTarget;
			buildConfigurationList = 788CFD62296958F3009E189F /* Build configuration list for PBXNativeTarget "appfamexUITests" */;
			buildPhases = (
				3209AEE2C8FBA2C191129342 /* [CP] Check Pods Manifest.lock */,
				788CFD4E296958F3009E189F /* Sources */,
				788CFD4F296958F3009E189F /* Frameworks */,
				788CFD50296958F3009E189F /* Resources */,
				D35503D07D17D54083EDE7E7 /* [CP] Embed Pods Frameworks */,
			);
			buildRules = (
			);
			dependencies = (
				788CFD54296958F3009E189F /* PBXTargetDependency */,
			);
			name = appfamexUITests;
			productName = appfamexUITests;
			productReference = 788CFD52296958F3009E189F /* appfamexUITests.xctest */;
			productType = "com.apple.product-type.bundle.ui-testing";
		};
/* End PBXNativeTarget section */

/* Begin PBXProject section */
		788CFD27296958F2009E189F /* Project object */ = {
			isa = PBXProject;
			attributes = {
				BuildIndependentTargetsInParallel = 1;
				LastSwiftUpdateCheck = 1420;
				LastUpgradeCheck = 1420;
				TargetAttributes = {
					788CFD2E296958F2009E189F = {
						CreatedOnToolsVersion = 14.2;
					};
					788CFD47296958F3009E189F = {
						CreatedOnToolsVersion = 14.2;
						TestTargetID = 788CFD2E296958F2009E189F;
					};
					788CFD51296958F3009E189F = {
						CreatedOnToolsVersion = 14.2;
						TestTargetID = 788CFD2E296958F2009E189F;
					};
				};
			};
			buildConfigurationList = 788CFD2A296958F2009E189F /* Build configuration list for PBXProject "appfamex" */;
			compatibilityVersion = "Xcode 9.3";
			developmentRegion = en;
			hasScannedForEncodings = 0;
			knownRegions = (
				en,
				Base,
			);
			mainGroup = 788CFD26296958F2009E189F;
			productRefGroup = 788CFD30296958F2009E189F /* Products */;
			projectDirPath = "";
			projectRoot = "";
			targets = (
				788CFD2E296958F2009E189F /* appfamex */,
				788CFD47296958F3009E189F /* appfamexTests */,
				788CFD51296958F3009E189F /* appfamexUITests */,
			);
		};
/* End PBXProject section */

/* Begin PBXResourcesBuildPhase section */
		788CFD2D296958F2009E189F /* Resources */ = {
			isa = PBXResourcesBuildPhase;
			buildActionMask = 2147483647;
			files = (
				788CFD42296958F3009E189F /* LaunchScreen.storyboard in Resources */,
				78BD478529811A6500E9AF4A /* FranceConferences.storyboard in Resources */,
				7822CFFD296A96090012034F /* MenuTableViewCell.xib in Resources */,
				785D680229736FED0038ACBC /* Itinerary.storyboard in Resources */,
				785D6860297A80520038ACBC /* Settings.storyboard in Resources */,
				788CFD3F296958F3009E189F /* Assets.xcassets in Resources */,
				7822D008296B771F0012034F /* France.storyboard in Resources */,
				788CFD72296A1B37009E189F /* SignUp.storyboard in Resources */,
				785D67F8297355A00038ACBC /* Show.storyboard in Resources */,
				785D6877297F85EB0038ACBC /* DevelopersPopUp.storyboard in Resources */,
				7822CFF6296A837D0012034F /* Menu.storyboard in Resources */,
				78BD47652980C3B200E9AF4A /* ProfileCollectionViewCell.xib in Resources */,
				785D68122974ADA40038ACBC /* AirShow.storyboard in Resources */,
				785D68422977AA660038ACBC /* Sanitization.storyboard in Resources */,
				785D6836297795530038ACBC /* SanitizationMap.pdf in Resources */,
				785D6871297E5F600038ACBC /* AirShowVideo.mp4 in Resources */,
				78BD478D29811F6700E9AF4A /* ConferenciasFranciaTableViewCell.xib in Resources */,
				785D681B2974CA7D0038ACBC /* FirstPopUp.storyboard in Resources */,
				78BD4778298105FC00E9AF4A /* FranceStaticExhibition.storyboard in Resources */,
				785D6868297E48410038ACBC /* MUMA.storyboard in Resources */,
				78BD476E2980E49400E9AF4A /* StaticExhibitionCollectionViewCell.xib in Resources */,
				785D683A29779A000038ACBC /* PWDAccesibilityMap.pdf in Resources */,
				785D684E2978EFCB0038ACBC /* GetReadyFAMEX.storyboard in Resources */,
				78BD47972981228000E9AF4A /* detailConferencia.storyboard in Resources */,
				785D68212975225B0038ACBC /* Profile.storyboard in Resources */,
				785D682B297653330038ACBC /* Tutorial.storyboard in Resources */,
				7822D003296B718A0012034F /* FAMEX.storyboard in Resources */,
				785D6858297A560E0038ACBC /* HotelsCollectionViewCell.xib in Resources */,
				785D683129778FF80038ACBC /* PWDAccesibility.storyboard in Resources */,
				78BD479B298127D400E9AF4A /* TableViewCellMiItinerario.xib in Resources */,
				788CFD87296A24C5009E189F /* Plateia.ttf in Resources */,
				78BD477A298106AF00E9AF4A /* FranceChalets.storyboard in Resources */,
				78BD478329810C0100E9AF4A /* ChaletTableViewCell.xib in Resources */,
				7822CFF0296A28320012034F /* LogIn.storyboard in Resources */,
				78BD47912981202000E9AF4A /* AddItineraryPopUp.storyboard in Resources */,
				7822CFFF296B6B940012034F /* Home.storyboard in Resources */,
				785D680A2973B5580038ACBC /* Restaurants.storyboard in Resources */,
			);
			runOnlyForDeploymentPostprocessing = 0;
		};
		788CFD46296958F3009E189F /* Resources */ = {
			isa = PBXResourcesBuildPhase;
			buildActionMask = 2147483647;
			files = (
			);
			runOnlyForDeploymentPostprocessing = 0;
		};
		788CFD50296958F3009E189F /* Resources */ = {
			isa = PBXResourcesBuildPhase;
			buildActionMask = 2147483647;
			files = (
			);
			runOnlyForDeploymentPostprocessing = 0;
		};
/* End PBXResourcesBuildPhase section */

/* Begin PBXShellScriptBuildPhase section */
		3209AEE2C8FBA2C191129342 /* [CP] Check Pods Manifest.lock */ = {
			isa = PBXShellScriptBuildPhase;
			buildActionMask = 2147483647;
			files = (
			);
			inputFileListPaths = (
			);
			inputPaths = (
				"${PODS_PODFILE_DIR_PATH}/Podfile.lock",
				"${PODS_ROOT}/Manifest.lock",
			);
			name = "[CP] Check Pods Manifest.lock";
			outputFileListPaths = (
			);
			outputPaths = (
				"$(DERIVED_FILE_DIR)/Pods-appfamex-appfamexUITests-checkManifestLockResult.txt",
			);
			runOnlyForDeploymentPostprocessing = 0;
			shellPath = /bin/sh;
			shellScript = "diff \"${PODS_PODFILE_DIR_PATH}/Podfile.lock\" \"${PODS_ROOT}/Manifest.lock\" > /dev/null\nif [ $? != 0 ] ; then\n    # print error to STDERR\n    echo \"error: The sandbox is not in sync with the Podfile.lock. Run 'pod install' or update your CocoaPods installation.\" >&2\n    exit 1\nfi\n# This output is used by Xcode 'outputs' to avoid re-running this script phase.\necho \"SUCCESS\" > \"${SCRIPT_OUTPUT_FILE_0}\"\n";
			showEnvVarsInLog = 0;
		};
		3CCDF86C4E80CBF0B54D21D5 /* [CP] Embed Pods Frameworks */ = {
			isa = PBXShellScriptBuildPhase;
			buildActionMask = 2147483647;
			files = (
			);
			inputFileListPaths = (
				"${PODS_ROOT}/Target Support Files/Pods-appfamex/Pods-appfamex-frameworks-${CONFIGURATION}-input-files.xcfilelist",
			);
			name = "[CP] Embed Pods Frameworks";
			outputFileListPaths = (
				"${PODS_ROOT}/Target Support Files/Pods-appfamex/Pods-appfamex-frameworks-${CONFIGURATION}-output-files.xcfilelist",
			);
			runOnlyForDeploymentPostprocessing = 0;
			shellPath = /bin/sh;
			shellScript = "\"${PODS_ROOT}/Target Support Files/Pods-appfamex/Pods-appfamex-frameworks.sh\"\n";
			showEnvVarsInLog = 0;
		};
		6B70174BF52CFC8097BFF1C6 /* [CP] Check Pods Manifest.lock */ = {
			isa = PBXShellScriptBuildPhase;
			buildActionMask = 2147483647;
			files = (
			);
			inputFileListPaths = (
			);
			inputPaths = (
				"${PODS_PODFILE_DIR_PATH}/Podfile.lock",
				"${PODS_ROOT}/Manifest.lock",
			);
			name = "[CP] Check Pods Manifest.lock";
			outputFileListPaths = (
			);
			outputPaths = (
				"$(DERIVED_FILE_DIR)/Pods-appfamexTests-checkManifestLockResult.txt",
			);
			runOnlyForDeploymentPostprocessing = 0;
			shellPath = /bin/sh;
			shellScript = "diff \"${PODS_PODFILE_DIR_PATH}/Podfile.lock\" \"${PODS_ROOT}/Manifest.lock\" > /dev/null\nif [ $? != 0 ] ; then\n    # print error to STDERR\n    echo \"error: The sandbox is not in sync with the Podfile.lock. Run 'pod install' or update your CocoaPods installation.\" >&2\n    exit 1\nfi\n# This output is used by Xcode 'outputs' to avoid re-running this script phase.\necho \"SUCCESS\" > \"${SCRIPT_OUTPUT_FILE_0}\"\n";
			showEnvVarsInLog = 0;
		};
		C8D4089EF503C3576525B50C /* [CP] Check Pods Manifest.lock */ = {
			isa = PBXShellScriptBuildPhase;
			buildActionMask = 2147483647;
			files = (
			);
			inputFileListPaths = (
			);
			inputPaths = (
				"${PODS_PODFILE_DIR_PATH}/Podfile.lock",
				"${PODS_ROOT}/Manifest.lock",
			);
			name = "[CP] Check Pods Manifest.lock";
			outputFileListPaths = (
			);
			outputPaths = (
				"$(DERIVED_FILE_DIR)/Pods-appfamex-checkManifestLockResult.txt",
			);
			runOnlyForDeploymentPostprocessing = 0;
			shellPath = /bin/sh;
			shellScript = "diff \"${PODS_PODFILE_DIR_PATH}/Podfile.lock\" \"${PODS_ROOT}/Manifest.lock\" > /dev/null\nif [ $? != 0 ] ; then\n    # print error to STDERR\n    echo \"error: The sandbox is not in sync with the Podfile.lock. Run 'pod install' or update your CocoaPods installation.\" >&2\n    exit 1\nfi\n# This output is used by Xcode 'outputs' to avoid re-running this script phase.\necho \"SUCCESS\" > \"${SCRIPT_OUTPUT_FILE_0}\"\n";
			showEnvVarsInLog = 0;
		};
		D35503D07D17D54083EDE7E7 /* [CP] Embed Pods Frameworks */ = {
			isa = PBXShellScriptBuildPhase;
			buildActionMask = 2147483647;
			files = (
			);
			inputFileListPaths = (
				"${PODS_ROOT}/Target Support Files/Pods-appfamex-appfamexUITests/Pods-appfamex-appfamexUITests-frameworks-${CONFIGURATION}-input-files.xcfilelist",
			);
			name = "[CP] Embed Pods Frameworks";
			outputFileListPaths = (
				"${PODS_ROOT}/Target Support Files/Pods-appfamex-appfamexUITests/Pods-appfamex-appfamexUITests-frameworks-${CONFIGURATION}-output-files.xcfilelist",
			);
			runOnlyForDeploymentPostprocessing = 0;
			shellPath = /bin/sh;
			shellScript = "\"${PODS_ROOT}/Target Support Files/Pods-appfamex-appfamexUITests/Pods-appfamex-appfamexUITests-frameworks.sh\"\n";
			showEnvVarsInLog = 0;
		};
/* End PBXShellScriptBuildPhase section */

/* Begin PBXSourcesBuildPhase section */
		788CFD2B296958F2009E189F /* Sources */ = {
			isa = PBXSourcesBuildPhase;
			buildActionMask = 2147483647;
			files = (
				785D686A297E48500038ACBC /* MUMAViewController.swift in Sources */,
				785D6833297790200038ACBC /* PWDAccesibilityViewController.swift in Sources */,
				785D6857297A560E0038ACBC /* HotelsCollectionViewCell.swift in Sources */,
				7822CFF4296A815C0012034F /* SignUpViewController.swift in Sources */,
				78BD478229810C0100E9AF4A /* ChaletTableViewCell.swift in Sources */,
				785D67FA297355C00038ACBC /* ShowViewController.swift in Sources */,
				785D68442977AA790038ACBC /* SanitizationViewController.swift in Sources */,
				785D687B2980C1A30038ACBC /* ProfileViewController.swift in Sources */,
				78BD477C29810A0F00E9AF4A /* FranceChaletsViewController.swift in Sources */,
				785D6862297E2EFC0038ACBC /* RoutesViewController.swift in Sources */,
				785D6829297653200038ACBC /* TutorialViewController.swift in Sources */,
				788CFD74296A211A009E189F /* Extensions.swift in Sources */,
				785D684C2978E1F30038ACBC /* GetReadyFAMEX.swift in Sources */,
				7822D00A296B77340012034F /* FranceViewController.swift in Sources */,
				785D6873297F78F80038ACBC /* AboutAppViewController.swift in Sources */,
				78BD4772298101B300E9AF4A /* FranceBlockTwoViewController.swift in Sources */,
				7822D005296B71A70012034F /* FAMEXViewController.swift in Sources */,
				78BD479A298127D400E9AF4A /* TableViewCellMiItinerario.swift in Sources */,
				785D68082973B5410038ACBC /* RestaurantsViewController.swift in Sources */,
				78BD47642980C3B200E9AF4A /* ProfileCollectionViewCell.swift in Sources */,
				7822CFFC296A96090012034F /* MenuTableViewCell.swift in Sources */,
				785D6854297A52560038ACBC /* HotelsViewController.swift in Sources */,
				785D686C297E500B0038ACBC /* TermsViewController.swift in Sources */,
				785D68102974AD880038ACBC /* AirShowViewController.swift in Sources */,
				785D680029736FDD0038ACBC /* ItineraryViewController.swift in Sources */,
				78BD478F29811F9500E9AF4A /* ConferenciasFranciaTableViewCell.swift in Sources */,
				788CFD33296958F2009E189F /* AppDelegate.swift in Sources */,
				78BD476D2980E49400E9AF4A /* StaticExhibitionCollectionViewCell.swift in Sources */,
				785D686E297E5BBB0038ACBC /* VideoModel.swift in Sources */,
				78BD47702980E91900E9AF4A /* FranceBlockOneViewController.swift in Sources */,
				785D67E9296D0FDF0038ACBC /* FAMEXFont.swift in Sources */,
				7822CFF8296A838F0012034F /* MenuViewController.swift in Sources */,
				78BD47952981221B00E9AF4A /* detailConferenciaViewController.swift in Sources */,
				7822D001296B6BB60012034F /* HomeViewController.swift in Sources */,
				785D67EF296F8E660038ACBC /* MenuModel.swift in Sources */,
				78BD47742981031D00E9AF4A /* FranceBlockThreeViewController.swift in Sources */,
				785D6875297F84090038ACBC /* DevelopersViewController.swift in Sources */,
				785D6850297A3EAD0038ACBC /* LocationModel.swift in Sources */,
				785D683C2977A2390038ACBC /* PDFModel.swift in Sources */,
				785D68192974C9130038ACBC /* FirstPopUpViewController.swift in Sources */,
				78BD47932981207A00E9AF4A /* popUpAddMiItinerarioViewController.swift in Sources */,
				78BD47672980DB5E00E9AF4A /* FranceStaticExhibitionMenuViewController.swift in Sources */,
				785D6879297FA2EF0038ACBC /* ContactViewController.swift in Sources */,
				785D685E297A80330038ACBC /* SettingsViewController.swift in Sources */,
				788CFD6A2969EF4C009E189F /* LogInViewController.swift in Sources */,
				785D6827297651EC0038ACBC /* TutorialModel.swift in Sources */,
				78BD478829811A9000E9AF4A /* FranceConferencesFirstDayViewController.swift in Sources */,
				788CFD35296958F2009E189F /* SceneDelegate.swift in Sources */,
				788CFD3D296958F2009E189F /* appfamex.xcdatamodeld in Sources */,
			);
			runOnlyForDeploymentPostprocessing = 0;
		};
		788CFD44296958F3009E189F /* Sources */ = {
			isa = PBXSourcesBuildPhase;
			buildActionMask = 2147483647;
			files = (
				788CFD4D296958F3009E189F /* appfamexTests.swift in Sources */,
			);
			runOnlyForDeploymentPostprocessing = 0;
		};
		788CFD4E296958F3009E189F /* Sources */ = {
			isa = PBXSourcesBuildPhase;
			buildActionMask = 2147483647;
			files = (
				788CFD59296958F3009E189F /* appfamexUITestsLaunchTests.swift in Sources */,
				788CFD57296958F3009E189F /* appfamexUITests.swift in Sources */,
			);
			runOnlyForDeploymentPostprocessing = 0;
		};
/* End PBXSourcesBuildPhase section */

/* Begin PBXTargetDependency section */
		788CFD4A296958F3009E189F /* PBXTargetDependency */ = {
			isa = PBXTargetDependency;
			target = 788CFD2E296958F2009E189F /* appfamex */;
			targetProxy = 788CFD49296958F3009E189F /* PBXContainerItemProxy */;
		};
		788CFD54296958F3009E189F /* PBXTargetDependency */ = {
			isa = PBXTargetDependency;
			target = 788CFD2E296958F2009E189F /* appfamex */;
			targetProxy = 788CFD53296958F3009E189F /* PBXContainerItemProxy */;
		};
/* End PBXTargetDependency section */

/* Begin PBXVariantGroup section */
		788CFD40296958F3009E189F /* LaunchScreen.storyboard */ = {
			isa = PBXVariantGroup;
			children = (
				788CFD41296958F3009E189F /* Base */,
			);
			name = LaunchScreen.storyboard;
			sourceTree = "<group>";
		};
/* End PBXVariantGroup section */

/* Begin XCBuildConfiguration section */
		788CFD5A296958F3009E189F /* Debug */ = {
			isa = XCBuildConfiguration;
			buildSettings = {
				ALWAYS_SEARCH_USER_PATHS = NO;
				CLANG_ANALYZER_NONNULL = YES;
				CLANG_ANALYZER_NUMBER_OBJECT_CONVERSION = YES_AGGRESSIVE;
				CLANG_CXX_LANGUAGE_STANDARD = "gnu++20";
				CLANG_ENABLE_MODULES = YES;
				CLANG_ENABLE_OBJC_ARC = YES;
				CLANG_ENABLE_OBJC_WEAK = YES;
				CLANG_WARN_BLOCK_CAPTURE_AUTORELEASING = YES;
				CLANG_WARN_BOOL_CONVERSION = YES;
				CLANG_WARN_COMMA = YES;
				CLANG_WARN_CONSTANT_CONVERSION = YES;
				CLANG_WARN_DEPRECATED_OBJC_IMPLEMENTATIONS = YES;
				CLANG_WARN_DIRECT_OBJC_ISA_USAGE = YES_ERROR;
				CLANG_WARN_DOCUMENTATION_COMMENTS = YES;
				CLANG_WARN_EMPTY_BODY = YES;
				CLANG_WARN_ENUM_CONVERSION = YES;
				CLANG_WARN_INFINITE_RECURSION = YES;
				CLANG_WARN_INT_CONVERSION = YES;
				CLANG_WARN_NON_LITERAL_NULL_CONVERSION = YES;
				CLANG_WARN_OBJC_IMPLICIT_RETAIN_SELF = YES;
				CLANG_WARN_OBJC_LITERAL_CONVERSION = YES;
				CLANG_WARN_OBJC_ROOT_CLASS = YES_ERROR;
				CLANG_WARN_QUOTED_INCLUDE_IN_FRAMEWORK_HEADER = YES;
				CLANG_WARN_RANGE_LOOP_ANALYSIS = YES;
				CLANG_WARN_STRICT_PROTOTYPES = YES;
				CLANG_WARN_SUSPICIOUS_MOVE = YES;
				CLANG_WARN_UNGUARDED_AVAILABILITY = YES_AGGRESSIVE;
				CLANG_WARN_UNREACHABLE_CODE = YES;
				CLANG_WARN__DUPLICATE_METHOD_MATCH = YES;
				COPY_PHASE_STRIP = NO;
				DEBUG_INFORMATION_FORMAT = dwarf;
				ENABLE_STRICT_OBJC_MSGSEND = YES;
				ENABLE_TESTABILITY = YES;
				GCC_C_LANGUAGE_STANDARD = gnu11;
				GCC_DYNAMIC_NO_PIC = NO;
				GCC_NO_COMMON_BLOCKS = YES;
				GCC_OPTIMIZATION_LEVEL = 0;
				GCC_PREPROCESSOR_DEFINITIONS = (
					"DEBUG=1",
					"$(inherited)",
				);
				GCC_WARN_64_TO_32_BIT_CONVERSION = YES;
				GCC_WARN_ABOUT_RETURN_TYPE = YES_ERROR;
				GCC_WARN_UNDECLARED_SELECTOR = YES;
				GCC_WARN_UNINITIALIZED_AUTOS = YES_AGGRESSIVE;
				GCC_WARN_UNUSED_FUNCTION = YES;
				GCC_WARN_UNUSED_VARIABLE = YES;
				IPHONEOS_DEPLOYMENT_TARGET = 14.4;
				MTL_ENABLE_DEBUG_INFO = INCLUDE_SOURCE;
				MTL_FAST_MATH = YES;
				ONLY_ACTIVE_ARCH = YES;
				SDKROOT = iphoneos;
				SWIFT_ACTIVE_COMPILATION_CONDITIONS = DEBUG;
				SWIFT_OPTIMIZATION_LEVEL = "-Onone";
			};
			name = Debug;
		};
		788CFD5B296958F3009E189F /* Release */ = {
			isa = XCBuildConfiguration;
			buildSettings = {
				ALWAYS_SEARCH_USER_PATHS = NO;
				CLANG_ANALYZER_NONNULL = YES;
				CLANG_ANALYZER_NUMBER_OBJECT_CONVERSION = YES_AGGRESSIVE;
				CLANG_CXX_LANGUAGE_STANDARD = "gnu++20";
				CLANG_ENABLE_MODULES = YES;
				CLANG_ENABLE_OBJC_ARC = YES;
				CLANG_ENABLE_OBJC_WEAK = YES;
				CLANG_WARN_BLOCK_CAPTURE_AUTORELEASING = YES;
				CLANG_WARN_BOOL_CONVERSION = YES;
				CLANG_WARN_COMMA = YES;
				CLANG_WARN_CONSTANT_CONVERSION = YES;
				CLANG_WARN_DEPRECATED_OBJC_IMPLEMENTATIONS = YES;
				CLANG_WARN_DIRECT_OBJC_ISA_USAGE = YES_ERROR;
				CLANG_WARN_DOCUMENTATION_COMMENTS = YES;
				CLANG_WARN_EMPTY_BODY = YES;
				CLANG_WARN_ENUM_CONVERSION = YES;
				CLANG_WARN_INFINITE_RECURSION = YES;
				CLANG_WARN_INT_CONVERSION = YES;
				CLANG_WARN_NON_LITERAL_NULL_CONVERSION = YES;
				CLANG_WARN_OBJC_IMPLICIT_RETAIN_SELF = YES;
				CLANG_WARN_OBJC_LITERAL_CONVERSION = YES;
				CLANG_WARN_OBJC_ROOT_CLASS = YES_ERROR;
				CLANG_WARN_QUOTED_INCLUDE_IN_FRAMEWORK_HEADER = YES;
				CLANG_WARN_RANGE_LOOP_ANALYSIS = YES;
				CLANG_WARN_STRICT_PROTOTYPES = YES;
				CLANG_WARN_SUSPICIOUS_MOVE = YES;
				CLANG_WARN_UNGUARDED_AVAILABILITY = YES_AGGRESSIVE;
				CLANG_WARN_UNREACHABLE_CODE = YES;
				CLANG_WARN__DUPLICATE_METHOD_MATCH = YES;
				COPY_PHASE_STRIP = NO;
				DEBUG_INFORMATION_FORMAT = "dwarf-with-dsym";
				ENABLE_NS_ASSERTIONS = NO;
				ENABLE_STRICT_OBJC_MSGSEND = YES;
				GCC_C_LANGUAGE_STANDARD = gnu11;
				GCC_NO_COMMON_BLOCKS = YES;
				GCC_WARN_64_TO_32_BIT_CONVERSION = YES;
				GCC_WARN_ABOUT_RETURN_TYPE = YES_ERROR;
				GCC_WARN_UNDECLARED_SELECTOR = YES;
				GCC_WARN_UNINITIALIZED_AUTOS = YES_AGGRESSIVE;
				GCC_WARN_UNUSED_FUNCTION = YES;
				GCC_WARN_UNUSED_VARIABLE = YES;
				IPHONEOS_DEPLOYMENT_TARGET = 14.4;
				MTL_ENABLE_DEBUG_INFO = NO;
				MTL_FAST_MATH = YES;
				SDKROOT = iphoneos;
				SWIFT_COMPILATION_MODE = wholemodule;
				SWIFT_OPTIMIZATION_LEVEL = "-O";
				VALIDATE_PRODUCT = YES;
			};
			name = Release;
		};
		788CFD5D296958F3009E189F /* Debug */ = {
			isa = XCBuildConfiguration;
			baseConfigurationReference = 1037D9A5B22A6D3B3E8311C5 /* Pods-appfamex.debug.xcconfig */;
			buildSettings = {
				ASSETCATALOG_COMPILER_APPICON_NAME = AppIcon;
				ASSETCATALOG_COMPILER_GLOBAL_ACCENT_COLOR_NAME = AccentColor;
				CODE_SIGN_STYLE = Automatic;
				CURRENT_PROJECT_VERSION = 1;
				DEVELOPMENT_TEAM = DAUV2YZAPY;
				GENERATE_INFOPLIST_FILE = YES;
				INFOPLIST_FILE = appfamex/Info.plist;
				INFOPLIST_KEY_UIApplicationSupportsIndirectInputEvents = YES;
				INFOPLIST_KEY_UILaunchStoryboardName = LaunchScreen.storyboard;
				INFOPLIST_KEY_UIMainStoryboardFile = LogIn;
				INFOPLIST_KEY_UISupportedInterfaceOrientations = UIInterfaceOrientationPortrait;
				INFOPLIST_KEY_UISupportedInterfaceOrientations_iPad = "UIInterfaceOrientationPortrait UIInterfaceOrientationPortraitUpsideDown";
				LD_RUNPATH_SEARCH_PATHS = (
					"$(inherited)",
					"@executable_path/Frameworks",
				);
				MARKETING_VERSION = 1.0;
				PRODUCT_BUNDLE_IDENTIFIER = com.miguelulloa.appfamex;
				PRODUCT_NAME = "$(TARGET_NAME)";
				SWIFT_EMIT_LOC_STRINGS = YES;
				SWIFT_VERSION = 5.0;
				TARGETED_DEVICE_FAMILY = "1,2";
			};
			name = Debug;
		};
		788CFD5E296958F3009E189F /* Release */ = {
			isa = XCBuildConfiguration;
			baseConfigurationReference = C60B28BF465B9D8754992A88 /* Pods-appfamex.release.xcconfig */;
			buildSettings = {
				ASSETCATALOG_COMPILER_APPICON_NAME = AppIcon;
				ASSETCATALOG_COMPILER_GLOBAL_ACCENT_COLOR_NAME = AccentColor;
				CODE_SIGN_STYLE = Automatic;
				CURRENT_PROJECT_VERSION = 1;
				DEVELOPMENT_TEAM = DAUV2YZAPY;
				GENERATE_INFOPLIST_FILE = YES;
				INFOPLIST_FILE = appfamex/Info.plist;
				INFOPLIST_KEY_UIApplicationSupportsIndirectInputEvents = YES;
				INFOPLIST_KEY_UILaunchStoryboardName = LaunchScreen.storyboard;
				INFOPLIST_KEY_UIMainStoryboardFile = LogIn;
				INFOPLIST_KEY_UISupportedInterfaceOrientations = UIInterfaceOrientationPortrait;
				INFOPLIST_KEY_UISupportedInterfaceOrientations_iPad = "UIInterfaceOrientationPortrait UIInterfaceOrientationPortraitUpsideDown";
				LD_RUNPATH_SEARCH_PATHS = (
					"$(inherited)",
					"@executable_path/Frameworks",
				);
				MARKETING_VERSION = 1.0;
				PRODUCT_BUNDLE_IDENTIFIER = com.miguelulloa.appfamex;
				PRODUCT_NAME = "$(TARGET_NAME)";
				SWIFT_EMIT_LOC_STRINGS = YES;
				SWIFT_VERSION = 5.0;
				TARGETED_DEVICE_FAMILY = "1,2";
			};
			name = Release;
		};
		788CFD60296958F3009E189F /* Debug */ = {
			isa = XCBuildConfiguration;
			baseConfigurationReference = 991939547D034D42DDF10B47 /* Pods-appfamexTests.debug.xcconfig */;
			buildSettings = {
				ALWAYS_EMBED_SWIFT_STANDARD_LIBRARIES = YES;
				BUNDLE_LOADER = "$(TEST_HOST)";
				CODE_SIGN_STYLE = Automatic;
				CURRENT_PROJECT_VERSION = 1;
				DEVELOPMENT_TEAM = DAUV2YZAPY;
				GENERATE_INFOPLIST_FILE = YES;
				IPHONEOS_DEPLOYMENT_TARGET = 16.2;
				MARKETING_VERSION = 1.0;
				PRODUCT_BUNDLE_IDENTIFIER = com.miguelulloa.appfamexTests;
				PRODUCT_NAME = "$(TARGET_NAME)";
				SWIFT_EMIT_LOC_STRINGS = NO;
				SWIFT_VERSION = 5.0;
				TARGETED_DEVICE_FAMILY = "1,2";
				TEST_HOST = "$(BUILT_PRODUCTS_DIR)/appfamex.app/$(BUNDLE_EXECUTABLE_FOLDER_PATH)/appfamex";
			};
			name = Debug;
		};
		788CFD61296958F3009E189F /* Release */ = {
			isa = XCBuildConfiguration;
			baseConfigurationReference = 4A9484E554E468485330E987 /* Pods-appfamexTests.release.xcconfig */;
			buildSettings = {
				ALWAYS_EMBED_SWIFT_STANDARD_LIBRARIES = YES;
				BUNDLE_LOADER = "$(TEST_HOST)";
				CODE_SIGN_STYLE = Automatic;
				CURRENT_PROJECT_VERSION = 1;
				DEVELOPMENT_TEAM = DAUV2YZAPY;
				GENERATE_INFOPLIST_FILE = YES;
				IPHONEOS_DEPLOYMENT_TARGET = 16.2;
				MARKETING_VERSION = 1.0;
				PRODUCT_BUNDLE_IDENTIFIER = com.miguelulloa.appfamexTests;
				PRODUCT_NAME = "$(TARGET_NAME)";
				SWIFT_EMIT_LOC_STRINGS = NO;
				SWIFT_VERSION = 5.0;
				TARGETED_DEVICE_FAMILY = "1,2";
				TEST_HOST = "$(BUILT_PRODUCTS_DIR)/appfamex.app/$(BUNDLE_EXECUTABLE_FOLDER_PATH)/appfamex";
			};
			name = Release;
		};
		788CFD63296958F3009E189F /* Debug */ = {
			isa = XCBuildConfiguration;
			baseConfigurationReference = 6361DFB2740A14D57D6C59AD /* Pods-appfamex-appfamexUITests.debug.xcconfig */;
			buildSettings = {
				ALWAYS_EMBED_SWIFT_STANDARD_LIBRARIES = YES;
				CODE_SIGN_STYLE = Automatic;
				CURRENT_PROJECT_VERSION = 1;
				DEVELOPMENT_TEAM = DAUV2YZAPY;
				GENERATE_INFOPLIST_FILE = YES;
				MARKETING_VERSION = 1.0;
				PRODUCT_BUNDLE_IDENTIFIER = com.miguelulloa.appfamexUITests;
				PRODUCT_NAME = "$(TARGET_NAME)";
				SWIFT_EMIT_LOC_STRINGS = NO;
				SWIFT_VERSION = 5.0;
				TARGETED_DEVICE_FAMILY = "1,2";
				TEST_TARGET_NAME = appfamex;
			};
			name = Debug;
		};
		788CFD64296958F3009E189F /* Release */ = {
			isa = XCBuildConfiguration;
			baseConfigurationReference = AA6882834A9A177C64EFA49A /* Pods-appfamex-appfamexUITests.release.xcconfig */;
			buildSettings = {
				ALWAYS_EMBED_SWIFT_STANDARD_LIBRARIES = YES;
				CODE_SIGN_STYLE = Automatic;
				CURRENT_PROJECT_VERSION = 1;
				DEVELOPMENT_TEAM = DAUV2YZAPY;
				GENERATE_INFOPLIST_FILE = YES;
				MARKETING_VERSION = 1.0;
				PRODUCT_BUNDLE_IDENTIFIER = com.miguelulloa.appfamexUITests;
				PRODUCT_NAME = "$(TARGET_NAME)";
				SWIFT_EMIT_LOC_STRINGS = NO;
				SWIFT_VERSION = 5.0;
				TARGETED_DEVICE_FAMILY = "1,2";
				TEST_TARGET_NAME = appfamex;
			};
			name = Release;
		};
/* End XCBuildConfiguration section */

/* Begin XCConfigurationList section */
		788CFD2A296958F2009E189F /* Build configuration list for PBXProject "appfamex" */ = {
			isa = XCConfigurationList;
			buildConfigurations = (
				788CFD5A296958F3009E189F /* Debug */,
				788CFD5B296958F3009E189F /* Release */,
			);
			defaultConfigurationIsVisible = 0;
			defaultConfigurationName = Release;
		};
		788CFD5C296958F3009E189F /* Build configuration list for PBXNativeTarget "appfamex" */ = {
			isa = XCConfigurationList;
			buildConfigurations = (
				788CFD5D296958F3009E189F /* Debug */,
				788CFD5E296958F3009E189F /* Release */,
			);
			defaultConfigurationIsVisible = 0;
			defaultConfigurationName = Release;
		};
		788CFD5F296958F3009E189F /* Build configuration list for PBXNativeTarget "appfamexTests" */ = {
			isa = XCConfigurationList;
			buildConfigurations = (
				788CFD60296958F3009E189F /* Debug */,
				788CFD61296958F3009E189F /* Release */,
			);
			defaultConfigurationIsVisible = 0;
			defaultConfigurationName = Release;
		};
		788CFD62296958F3009E189F /* Build configuration list for PBXNativeTarget "appfamexUITests" */ = {
			isa = XCConfigurationList;
			buildConfigurations = (
				788CFD63296958F3009E189F /* Debug */,
				788CFD64296958F3009E189F /* Release */,
			);
			defaultConfigurationIsVisible = 0;
			defaultConfigurationName = Release;
		};
/* End XCConfigurationList section */

/* Begin XCVersionGroup section */
		788CFD3B296958F2009E189F /* appfamex.xcdatamodeld */ = {
			isa = XCVersionGroup;
			children = (
				788CFD3C296958F2009E189F /* appfamex.xcdatamodel */,
			);
			currentVersion = 788CFD3C296958F2009E189F /* appfamex.xcdatamodel */;
			path = appfamex.xcdatamodeld;
			sourceTree = "<group>";
			versionGroupType = wrapper.xcdatamodel;
		};
/* End XCVersionGroup section */
	};
	rootObject = 788CFD27296958F2009E189F /* Project object */;
}
